// !$*UTF8*$!
{
	archiveVersion = 1;
	classes = {
	};
	objectVersion = 46;
	objects = {

/* Begin PBXBuildFile section */
		D5A6C831157FE1630016985D /* Foundation.framework in Frameworks */ = {isa = PBXBuildFile; fileRef = D5A6C830157FE1630016985D /* Foundation.framework */; };
		D5A6C8D7157FE1DF0016985D /* ansi2knr.c in Sources */ = {isa = PBXBuildFile; fileRef = D5A6C83E157FE1DF0016985D /* ansi2knr.c */; };
		D5A6C8D8157FE1DF0016985D /* cderror.h in Headers */ = {isa = PBXBuildFile; fileRef = D5A6C83F157FE1DF0016985D /* cderror.h */; };
		D5A6C8D9157FE1DF0016985D /* cdjpeg.c in Sources */ = {isa = PBXBuildFile; fileRef = D5A6C840157FE1DF0016985D /* cdjpeg.c */; };
		D5A6C8DA157FE1DF0016985D /* cdjpeg.h in Headers */ = {isa = PBXBuildFile; fileRef = D5A6C841157FE1DF0016985D /* cdjpeg.h */; };
		D5A6C8DB157FE1DF0016985D /* cjpeg.c in Sources */ = {isa = PBXBuildFile; fileRef = D5A6C844157FE1DF0016985D /* cjpeg.c */; };
		D5A6C8DC157FE1DF0016985D /* ckconfig.c in Sources */ = {isa = PBXBuildFile; fileRef = D5A6C845157FE1DF0016985D /* ckconfig.c */; };
		D5A6C8DD157FE1DF0016985D /* djpeg.c in Sources */ = {isa = PBXBuildFile; fileRef = D5A6C84B157FE1DF0016985D /* djpeg.c */; };
		D5A6C8DE157FE1DF0016985D /* example.c in Sources */ = {isa = PBXBuildFile; fileRef = D5A6C84C157FE1DF0016985D /* example.c */; };
		D5A6C8DF157FE1DF0016985D /* jcapimin.c in Sources */ = {isa = PBXBuildFile; fileRef = D5A6C850157FE1DF0016985D /* jcapimin.c */; };
		D5A6C8E0157FE1DF0016985D /* jcapistd.c in Sources */ = {isa = PBXBuildFile; fileRef = D5A6C851157FE1DF0016985D /* jcapistd.c */; };
		D5A6C8E1157FE1DF0016985D /* jccoefct.c in Sources */ = {isa = PBXBuildFile; fileRef = D5A6C852157FE1DF0016985D /* jccoefct.c */; };
		D5A6C8E2157FE1DF0016985D /* jccolor.c in Sources */ = {isa = PBXBuildFile; fileRef = D5A6C853157FE1DF0016985D /* jccolor.c */; };
		D5A6C8E3157FE1DF0016985D /* jcdctmgr.c in Sources */ = {isa = PBXBuildFile; fileRef = D5A6C854157FE1DF0016985D /* jcdctmgr.c */; };
		D5A6C8E4157FE1DF0016985D /* jchuff.c in Sources */ = {isa = PBXBuildFile; fileRef = D5A6C855157FE1DF0016985D /* jchuff.c */; };
		D5A6C8E5157FE1DF0016985D /* jchuff.h in Headers */ = {isa = PBXBuildFile; fileRef = D5A6C856157FE1DF0016985D /* jchuff.h */; };
		D5A6C8E6157FE1DF0016985D /* jcinit.c in Sources */ = {isa = PBXBuildFile; fileRef = D5A6C857157FE1DF0016985D /* jcinit.c */; };
		D5A6C8E7157FE1DF0016985D /* jcmainct.c in Sources */ = {isa = PBXBuildFile; fileRef = D5A6C858157FE1DF0016985D /* jcmainct.c */; };
		D5A6C8E8157FE1DF0016985D /* jcmarker.c in Sources */ = {isa = PBXBuildFile; fileRef = D5A6C859157FE1DF0016985D /* jcmarker.c */; };
		D5A6C8E9157FE1DF0016985D /* jcmaster.c in Sources */ = {isa = PBXBuildFile; fileRef = D5A6C85A157FE1DF0016985D /* jcmaster.c */; };
		D5A6C8EA157FE1DF0016985D /* jcomapi.c in Sources */ = {isa = PBXBuildFile; fileRef = D5A6C85B157FE1DF0016985D /* jcomapi.c */; };
		D5A6C8EB157FE1DF0016985D /* jconfig.h in Headers */ = {isa = PBXBuildFile; fileRef = D5A6C860157FE1DF0016985D /* jconfig.h */; };
		D5A6C8EC157FE1DF0016985D /* jcparam.c in Sources */ = {isa = PBXBuildFile; fileRef = D5A6C869157FE1DF0016985D /* jcparam.c */; };
		D5A6C8ED157FE1DF0016985D /* jcphuff.c in Sources */ = {isa = PBXBuildFile; fileRef = D5A6C86A157FE1DF0016985D /* jcphuff.c */; };
		D5A6C8EE157FE1DF0016985D /* jcprepct.c in Sources */ = {isa = PBXBuildFile; fileRef = D5A6C86B157FE1DF0016985D /* jcprepct.c */; };
		D5A6C8EF157FE1DF0016985D /* jcsample.c in Sources */ = {isa = PBXBuildFile; fileRef = D5A6C86C157FE1DF0016985D /* jcsample.c */; };
		D5A6C8F0157FE1DF0016985D /* jctrans.c in Sources */ = {isa = PBXBuildFile; fileRef = D5A6C86D157FE1DF0016985D /* jctrans.c */; };
		D5A6C8F1157FE1DF0016985D /* jdapimin.c in Sources */ = {isa = PBXBuildFile; fileRef = D5A6C86E157FE1DF0016985D /* jdapimin.c */; };
		D5A6C8F2157FE1DF0016985D /* jdapistd.c in Sources */ = {isa = PBXBuildFile; fileRef = D5A6C86F157FE1DF0016985D /* jdapistd.c */; };
		D5A6C8F3157FE1DF0016985D /* jdatadst.c in Sources */ = {isa = PBXBuildFile; fileRef = D5A6C870157FE1DF0016985D /* jdatadst.c */; };
		D5A6C8F4157FE1DF0016985D /* jdatasrc.c in Sources */ = {isa = PBXBuildFile; fileRef = D5A6C871157FE1DF0016985D /* jdatasrc.c */; };
		D5A6C8F5157FE1DF0016985D /* jdcoefct.c in Sources */ = {isa = PBXBuildFile; fileRef = D5A6C872157FE1DF0016985D /* jdcoefct.c */; };
		D5A6C8F6157FE1DF0016985D /* jdcolor.c in Sources */ = {isa = PBXBuildFile; fileRef = D5A6C873157FE1DF0016985D /* jdcolor.c */; };
		D5A6C8F7157FE1DF0016985D /* jdct.h in Headers */ = {isa = PBXBuildFile; fileRef = D5A6C874157FE1DF0016985D /* jdct.h */; };
		D5A6C8F8157FE1DF0016985D /* jddctmgr.c in Sources */ = {isa = PBXBuildFile; fileRef = D5A6C875157FE1DF0016985D /* jddctmgr.c */; };
		D5A6C8F9157FE1DF0016985D /* jdhuff.c in Sources */ = {isa = PBXBuildFile; fileRef = D5A6C876157FE1DF0016985D /* jdhuff.c */; };
		D5A6C8FA157FE1DF0016985D /* jdhuff.h in Headers */ = {isa = PBXBuildFile; fileRef = D5A6C877157FE1DF0016985D /* jdhuff.h */; };
		D5A6C8FB157FE1DF0016985D /* jdinput.c in Sources */ = {isa = PBXBuildFile; fileRef = D5A6C878157FE1DF0016985D /* jdinput.c */; };
		D5A6C8FC157FE1DF0016985D /* jdmainct.c in Sources */ = {isa = PBXBuildFile; fileRef = D5A6C879157FE1DF0016985D /* jdmainct.c */; };
		D5A6C8FD157FE1DF0016985D /* jdmarker.c in Sources */ = {isa = PBXBuildFile; fileRef = D5A6C87A157FE1DF0016985D /* jdmarker.c */; };
		D5A6C8FE157FE1DF0016985D /* jdmaster.c in Sources */ = {isa = PBXBuildFile; fileRef = D5A6C87B157FE1DF0016985D /* jdmaster.c */; };
		D5A6C8FF157FE1DF0016985D /* jdmerge.c in Sources */ = {isa = PBXBuildFile; fileRef = D5A6C87C157FE1DF0016985D /* jdmerge.c */; };
		D5A6C900157FE1DF0016985D /* jdphuff.c in Sources */ = {isa = PBXBuildFile; fileRef = D5A6C880157FE1DF0016985D /* jdphuff.c */; };
		D5A6C901157FE1DF0016985D /* jdpostct.c in Sources */ = {isa = PBXBuildFile; fileRef = D5A6C881157FE1DF0016985D /* jdpostct.c */; };
		D5A6C902157FE1DF0016985D /* jdsample.c in Sources */ = {isa = PBXBuildFile; fileRef = D5A6C882157FE1DF0016985D /* jdsample.c */; };
		D5A6C903157FE1DF0016985D /* jdtrans.c in Sources */ = {isa = PBXBuildFile; fileRef = D5A6C883157FE1DF0016985D /* jdtrans.c */; };
		D5A6C904157FE1DF0016985D /* jerror.c in Sources */ = {isa = PBXBuildFile; fileRef = D5A6C884157FE1DF0016985D /* jerror.c */; };
		D5A6C905157FE1DF0016985D /* jerror.h in Headers */ = {isa = PBXBuildFile; fileRef = D5A6C885157FE1DF0016985D /* jerror.h */; };
		D5A6C906157FE1DF0016985D /* jfdctflt.c in Sources */ = {isa = PBXBuildFile; fileRef = D5A6C886157FE1DF0016985D /* jfdctflt.c */; };
		D5A6C907157FE1DF0016985D /* jfdctfst.c in Sources */ = {isa = PBXBuildFile; fileRef = D5A6C887157FE1DF0016985D /* jfdctfst.c */; };
		D5A6C908157FE1DF0016985D /* jfdctint.c in Sources */ = {isa = PBXBuildFile; fileRef = D5A6C888157FE1DF0016985D /* jfdctint.c */; };
		D5A6C909157FE1DF0016985D /* jidctflt.c in Sources */ = {isa = PBXBuildFile; fileRef = D5A6C889157FE1DF0016985D /* jidctflt.c */; };
		D5A6C90A157FE1DF0016985D /* jidctfst.c in Sources */ = {isa = PBXBuildFile; fileRef = D5A6C88A157FE1DF0016985D /* jidctfst.c */; };
		D5A6C90B157FE1DF0016985D /* jidctint.c in Sources */ = {isa = PBXBuildFile; fileRef = D5A6C88B157FE1DF0016985D /* jidctint.c */; };
		D5A6C90C157FE1DF0016985D /* jidctred.c in Sources */ = {isa = PBXBuildFile; fileRef = D5A6C88C157FE1DF0016985D /* jidctred.c */; };
		D5A6C90D157FE1DF0016985D /* jinclude.h in Headers */ = {isa = PBXBuildFile; fileRef = D5A6C88D157FE1DF0016985D /* jinclude.h */; };
		D5A6C90E157FE1DF0016985D /* jmemansi.c in Sources */ = {isa = PBXBuildFile; fileRef = D5A6C88E157FE1DF0016985D /* jmemansi.c */; };
		D5A6C912157FE1DF0016985D /* jmemmgr.c in Sources */ = {isa = PBXBuildFile; fileRef = D5A6C892157FE1DF0016985D /* jmemmgr.c */; };
		D5A6C913157FE1DF0016985D /* jmemname.c in Sources */ = {isa = PBXBuildFile; fileRef = D5A6C893157FE1DF0016985D /* jmemname.c */; };
		D5A6C914157FE1DF0016985D /* jmemnobs.c in Sources */ = {isa = PBXBuildFile; fileRef = D5A6C894157FE1DF0016985D /* jmemnobs.c */; };
		D5A6C915157FE1DF0016985D /* jmemsys.h in Headers */ = {isa = PBXBuildFile; fileRef = D5A6C895157FE1DF0016985D /* jmemsys.h */; };
		D5A6C916157FE1DF0016985D /* jmorecfg.h in Headers */ = {isa = PBXBuildFile; fileRef = D5A6C896157FE1DF0016985D /* jmorecfg.h */; };
		D5A6C917157FE1DF0016985D /* jpegint.h in Headers */ = {isa = PBXBuildFile; fileRef = D5A6C897157FE1DF0016985D /* jpegint.h */; };
		D5A6C918157FE1DF0016985D /* jpeglib.h in Headers */ = {isa = PBXBuildFile; fileRef = D5A6C898157FE1DF0016985D /* jpeglib.h */; };
		D5A6C919157FE1DF0016985D /* jpegtran.c in Sources */ = {isa = PBXBuildFile; fileRef = D5A6C89A157FE1DF0016985D /* jpegtran.c */; };
		D5A6C91A157FE1DF0016985D /* jquant1.c in Sources */ = {isa = PBXBuildFile; fileRef = D5A6C89B157FE1DF0016985D /* jquant1.c */; };
		D5A6C91B157FE1DF0016985D /* jquant2.c in Sources */ = {isa = PBXBuildFile; fileRef = D5A6C89C157FE1DF0016985D /* jquant2.c */; };
		D5A6C91C157FE1DF0016985D /* jutils.c in Sources */ = {isa = PBXBuildFile; fileRef = D5A6C89D157FE1DF0016985D /* jutils.c */; };
		D5A6C91D157FE1DF0016985D /* jversion.h in Headers */ = {isa = PBXBuildFile; fileRef = D5A6C89E157FE1DF0016985D /* jversion.h */; };
		D5A6C91E157FE1DF0016985D /* rdbmp.c in Sources */ = {isa = PBXBuildFile; fileRef = D5A6C8BA157FE1DF0016985D /* rdbmp.c */; };
		D5A6C91F157FE1DF0016985D /* rdcolmap.c in Sources */ = {isa = PBXBuildFile; fileRef = D5A6C8BB157FE1DF0016985D /* rdcolmap.c */; };
		D5A6C920157FE1DF0016985D /* rdgif.c in Sources */ = {isa = PBXBuildFile; fileRef = D5A6C8BC157FE1DF0016985D /* rdgif.c */; };
		D5A6C921157FE1DF0016985D /* rdjpgcom.c in Sources */ = {isa = PBXBuildFile; fileRef = D5A6C8BE157FE1DF0016985D /* rdjpgcom.c */; };
		D5A6C922157FE1DF0016985D /* rdppm.c in Sources */ = {isa = PBXBuildFile; fileRef = D5A6C8BF157FE1DF0016985D /* rdppm.c */; };
		D5A6C923157FE1DF0016985D /* rdrle.c in Sources */ = {isa = PBXBuildFile; fileRef = D5A6C8C0157FE1DF0016985D /* rdrle.c */; };
		D5A6C924157FE1DF0016985D /* rdswitch.c in Sources */ = {isa = PBXBuildFile; fileRef = D5A6C8C1157FE1DF0016985D /* rdswitch.c */; };
		D5A6C925157FE1DF0016985D /* rdtarga.c in Sources */ = {isa = PBXBuildFile; fileRef = D5A6C8C2157FE1DF0016985D /* rdtarga.c */; };
		D5A6C926157FE1DF0016985D /* transupp.c in Sources */ = {isa = PBXBuildFile; fileRef = D5A6C8CC157FE1DF0016985D /* transupp.c */; };
		D5A6C927157FE1DF0016985D /* transupp.h in Headers */ = {isa = PBXBuildFile; fileRef = D5A6C8CD157FE1DF0016985D /* transupp.h */; };
		D5A6C928157FE1DF0016985D /* wrbmp.c in Sources */ = {isa = PBXBuildFile; fileRef = D5A6C8D0157FE1DF0016985D /* wrbmp.c */; };
		D5A6C929157FE1DF0016985D /* wrgif.c in Sources */ = {isa = PBXBuildFile; fileRef = D5A6C8D1157FE1DF0016985D /* wrgif.c */; };
		D5A6C92A157FE1DF0016985D /* wrjpgcom.c in Sources */ = {isa = PBXBuildFile; fileRef = D5A6C8D3157FE1DF0016985D /* wrjpgcom.c */; };
		D5A6C92B157FE1DF0016985D /* wrppm.c in Sources */ = {isa = PBXBuildFile; fileRef = D5A6C8D4157FE1DF0016985D /* wrppm.c */; };
		D5A6C92C157FE1DF0016985D /* wrrle.c in Sources */ = {isa = PBXBuildFile; fileRef = D5A6C8D5157FE1DF0016985D /* wrrle.c */; };
		D5A6C92D157FE1DF0016985D /* wrtarga.c in Sources */ = {isa = PBXBuildFile; fileRef = D5A6C8D6157FE1DF0016985D /* wrtarga.c */; };
/* End PBXBuildFile section */

/* Begin PBXFileReference section */
		D5A6C82D157FE1630016985D /* libjpeg.a */ = {isa = PBXFileReference; explicitFileType = archive.ar; includeInIndex = 0; path = libjpeg.a; sourceTree = BUILT_PRODUCTS_DIR; };
		D5A6C830157FE1630016985D /* Foundation.framework */ = {isa = PBXFileReference; lastKnownFileType = wrapper.framework; name = Foundation.framework; path = System/Library/Frameworks/Foundation.framework; sourceTree = SDKROOT; };
		D5A6C83D157FE1DF0016985D /* ansi2knr.1 */ = {isa = PBXFileReference; fileEncoding = 4; lastKnownFileType = text.man; path = ansi2knr.1; sourceTree = "<group>"; };
		D5A6C83E157FE1DF0016985D /* ansi2knr.c */ = {isa = PBXFileReference; fileEncoding = 4; lastKnownFileType = sourcecode.c.c; path = ansi2knr.c; sourceTree = "<group>"; };
		D5A6C83F157FE1DF0016985D /* cderror.h */ = {isa = PBXFileReference; fileEncoding = 4; lastKnownFileType = sourcecode.c.h; path = cderror.h; sourceTree = "<group>"; };
		D5A6C840157FE1DF0016985D /* cdjpeg.c */ = {isa = PBXFileReference; fileEncoding = 4; lastKnownFileType = sourcecode.c.c; path = cdjpeg.c; sourceTree = "<group>"; };
		D5A6C841157FE1DF0016985D /* cdjpeg.h */ = {isa = PBXFileReference; fileEncoding = 4; lastKnownFileType = sourcecode.c.h; path = cdjpeg.h; sourceTree = "<group>"; };
		D5A6C842157FE1DF0016985D /* change.log */ = {isa = PBXFileReference; fileEncoding = 4; lastKnownFileType = text; path = change.log; sourceTree = "<group>"; };
		D5A6C843157FE1DF0016985D /* cjpeg.1 */ = {isa = PBXFileReference; fileEncoding = 4; lastKnownFileType = text.man; path = cjpeg.1; sourceTree = "<group>"; };
		D5A6C844157FE1DF0016985D /* cjpeg.c */ = {isa = PBXFileReference; fileEncoding = 4; lastKnownFileType = sourcecode.c.c; path = cjpeg.c; sourceTree = "<group>"; };
		D5A6C845157FE1DF0016985D /* ckconfig.c */ = {isa = PBXFileReference; fileEncoding = 4; lastKnownFileType = sourcecode.c.c; path = ckconfig.c; sourceTree = "<group>"; };
		D5A6C846157FE1DF0016985D /* coderules.doc */ = {isa = PBXFileReference; fileEncoding = 4; lastKnownFileType = text; path = coderules.doc; sourceTree = "<group>"; };
		D5A6C847157FE1DF0016985D /* config.guess */ = {isa = PBXFileReference; fileEncoding = 4; lastKnownFileType = text.script.sh; path = config.guess; sourceTree = "<group>"; };
		D5A6C848157FE1DF0016985D /* config.sub */ = {isa = PBXFileReference; fileEncoding = 4; lastKnownFileType = text.script.sh; path = config.sub; sourceTree = "<group>"; };
		D5A6C849157FE1DF0016985D /* configure */ = {isa = PBXFileReference; fileEncoding = 4; lastKnownFileType = text.script.sh; path = configure; sourceTree = "<group>"; };
		D5A6C84A157FE1DF0016985D /* djpeg.1 */ = {isa = PBXFileReference; fileEncoding = 4; lastKnownFileType = text.man; path = djpeg.1; sourceTree = "<group>"; };
		D5A6C84B157FE1DF0016985D /* djpeg.c */ = {isa = PBXFileReference; fileEncoding = 4; lastKnownFileType = sourcecode.c.c; path = djpeg.c; sourceTree = "<group>"; };
		D5A6C84C157FE1DF0016985D /* example.c */ = {isa = PBXFileReference; fileEncoding = 4; lastKnownFileType = sourcecode.c.c; path = example.c; sourceTree = "<group>"; };
		D5A6C84D157FE1DF0016985D /* filelist.doc */ = {isa = PBXFileReference; fileEncoding = 4; lastKnownFileType = text; path = filelist.doc; sourceTree = "<group>"; };
		D5A6C84E157FE1DF0016985D /* install-sh */ = {isa = PBXFileReference; fileEncoding = 4; lastKnownFileType = text.script.sh; path = "install-sh"; sourceTree = "<group>"; };
		D5A6C84F157FE1DF0016985D /* install.doc */ = {isa = PBXFileReference; fileEncoding = 4; lastKnownFileType = text; path = install.doc; sourceTree = "<group>"; };
		D5A6C850157FE1DF0016985D /* jcapimin.c */ = {isa = PBXFileReference; fileEncoding = 4; lastKnownFileType = sourcecode.c.c; path = jcapimin.c; sourceTree = "<group>"; };
		D5A6C851157FE1DF0016985D /* jcapistd.c */ = {isa = PBXFileReference; fileEncoding = 4; lastKnownFileType = sourcecode.c.c; path = jcapistd.c; sourceTree = "<group>"; };
		D5A6C852157FE1DF0016985D /* jccoefct.c */ = {isa = PBXFileReference; fileEncoding = 4; lastKnownFileType = sourcecode.c.c; path = jccoefct.c; sourceTree = "<group>"; };
		D5A6C853157FE1DF0016985D /* jccolor.c */ = {isa = PBXFileReference; fileEncoding = 4; lastKnownFileType = sourcecode.c.c; path = jccolor.c; sourceTree = "<group>"; };
		D5A6C854157FE1DF0016985D /* jcdctmgr.c */ = {isa = PBXFileReference; fileEncoding = 4; lastKnownFileType = sourcecode.c.c; path = jcdctmgr.c; sourceTree = "<group>"; };
		D5A6C855157FE1DF0016985D /* jchuff.c */ = {isa = PBXFileReference; fileEncoding = 4; lastKnownFileType = sourcecode.c.c; path = jchuff.c; sourceTree = "<group>"; };
		D5A6C856157FE1DF0016985D /* jchuff.h */ = {isa = PBXFileReference; fileEncoding = 4; lastKnownFileType = sourcecode.c.h; path = jchuff.h; sourceTree = "<group>"; };
		D5A6C857157FE1DF0016985D /* jcinit.c */ = {isa = PBXFileReference; fileEncoding = 4; lastKnownFileType = sourcecode.c.c; path = jcinit.c; sourceTree = "<group>"; };
		D5A6C858157FE1DF0016985D /* jcmainct.c */ = {isa = PBXFileReference; fileEncoding = 4; lastKnownFileType = sourcecode.c.c; path = jcmainct.c; sourceTree = "<group>"; };
		D5A6C859157FE1DF0016985D /* jcmarker.c */ = {isa = PBXFileReference; fileEncoding = 4; lastKnownFileType = sourcecode.c.c; path = jcmarker.c; sourceTree = "<group>"; };
		D5A6C85A157FE1DF0016985D /* jcmaster.c */ = {isa = PBXFileReference; fileEncoding = 4; lastKnownFileType = sourcecode.c.c; path = jcmaster.c; sourceTree = "<group>"; };
		D5A6C85B157FE1DF0016985D /* jcomapi.c */ = {isa = PBXFileReference; fileEncoding = 4; lastKnownFileType = sourcecode.c.c; path = jcomapi.c; sourceTree = "<group>"; };
		D5A6C85C157FE1DF0016985D /* jconfig.bcc */ = {isa = PBXFileReference; fileEncoding = 4; lastKnownFileType = text; path = jconfig.bcc; sourceTree = "<group>"; };
		D5A6C85D157FE1DF0016985D /* jconfig.cfg */ = {isa = PBXFileReference; fileEncoding = 4; lastKnownFileType = text; path = jconfig.cfg; sourceTree = "<group>"; };
		D5A6C85E157FE1DF0016985D /* jconfig.dj */ = {isa = PBXFileReference; fileEncoding = 4; lastKnownFileType = text; path = jconfig.dj; sourceTree = "<group>"; };
		D5A6C85F157FE1DF0016985D /* jconfig.doc */ = {isa = PBXFileReference; fileEncoding = 4; lastKnownFileType = text; path = jconfig.doc; sourceTree = "<group>"; };
		D5A6C860157FE1DF0016985D /* jconfig.h */ = {isa = PBXFileReference; fileEncoding = 4; lastKnownFileType = sourcecode.c.h; path = jconfig.h; sourceTree = "<group>"; };
		D5A6C869157FE1DF0016985D /* jcparam.c */ = {isa = PBXFileReference; fileEncoding = 4; lastKnownFileType = sourcecode.c.c; path = jcparam.c; sourceTree = "<group>"; };
		D5A6C86A157FE1DF0016985D /* jcphuff.c */ = {isa = PBXFileReference; fileEncoding = 4; lastKnownFileType = sourcecode.c.c; path = jcphuff.c; sourceTree = "<group>"; };
		D5A6C86B157FE1DF0016985D /* jcprepct.c */ = {isa = PBXFileReference; fileEncoding = 4; lastKnownFileType = sourcecode.c.c; path = jcprepct.c; sourceTree = "<group>"; };
		D5A6C86C157FE1DF0016985D /* jcsample.c */ = {isa = PBXFileReference; fileEncoding = 4; lastKnownFileType = sourcecode.c.c; path = jcsample.c; sourceTree = "<group>"; };
		D5A6C86D157FE1DF0016985D /* jctrans.c */ = {isa = PBXFileReference; fileEncoding = 4; lastKnownFileType = sourcecode.c.c; path = jctrans.c; sourceTree = "<group>"; };
		D5A6C86E157FE1DF0016985D /* jdapimin.c */ = {isa = PBXFileReference; fileEncoding = 4; lastKnownFileType = sourcecode.c.c; path = jdapimin.c; sourceTree = "<group>"; };
		D5A6C86F157FE1DF0016985D /* jdapistd.c */ = {isa = PBXFileReference; fileEncoding = 4; lastKnownFileType = sourcecode.c.c; path = jdapistd.c; sourceTree = "<group>"; };
		D5A6C870157FE1DF0016985D /* jdatadst.c */ = {isa = PBXFileReference; fileEncoding = 4; lastKnownFileType = sourcecode.c.c; path = jdatadst.c; sourceTree = "<group>"; };
		D5A6C871157FE1DF0016985D /* jdatasrc.c */ = {isa = PBXFileReference; fileEncoding = 4; lastKnownFileType = sourcecode.c.c; path = jdatasrc.c; sourceTree = "<group>"; };
		D5A6C872157FE1DF0016985D /* jdcoefct.c */ = {isa = PBXFileReference; fileEncoding = 4; lastKnownFileType = sourcecode.c.c; path = jdcoefct.c; sourceTree = "<group>"; };
		D5A6C873157FE1DF0016985D /* jdcolor.c */ = {isa = PBXFileReference; fileEncoding = 4; lastKnownFileType = sourcecode.c.c; path = jdcolor.c; sourceTree = "<group>"; };
		D5A6C874157FE1DF0016985D /* jdct.h */ = {isa = PBXFileReference; fileEncoding = 4; lastKnownFileType = sourcecode.c.h; path = jdct.h; sourceTree = "<group>"; };
		D5A6C875157FE1DF0016985D /* jddctmgr.c */ = {isa = PBXFileReference; fileEncoding = 4; lastKnownFileType = sourcecode.c.c; path = jddctmgr.c; sourceTree = "<group>"; };
		D5A6C876157FE1DF0016985D /* jdhuff.c */ = {isa = PBXFileReference; fileEncoding = 4; lastKnownFileType = sourcecode.c.c; path = jdhuff.c; sourceTree = "<group>"; };
		D5A6C877157FE1DF0016985D /* jdhuff.h */ = {isa = PBXFileReference; fileEncoding = 4; lastKnownFileType = sourcecode.c.h; path = jdhuff.h; sourceTree = "<group>"; };
		D5A6C878157FE1DF0016985D /* jdinput.c */ = {isa = PBXFileReference; fileEncoding = 4; lastKnownFileType = sourcecode.c.c; path = jdinput.c; sourceTree = "<group>"; };
		D5A6C879157FE1DF0016985D /* jdmainct.c */ = {isa = PBXFileReference; fileEncoding = 4; lastKnownFileType = sourcecode.c.c; path = jdmainct.c; sourceTree = "<group>"; };
		D5A6C87A157FE1DF0016985D /* jdmarker.c */ = {isa = PBXFileReference; fileEncoding = 4; lastKnownFileType = sourcecode.c.c; path = jdmarker.c; sourceTree = "<group>"; };
		D5A6C87B157FE1DF0016985D /* jdmaster.c */ = {isa = PBXFileReference; fileEncoding = 4; lastKnownFileType = sourcecode.c.c; path = jdmaster.c; sourceTree = "<group>"; };
		D5A6C87C157FE1DF0016985D /* jdmerge.c */ = {isa = PBXFileReference; fileEncoding = 4; lastKnownFileType = sourcecode.c.c; path = jdmerge.c; sourceTree = "<group>"; };
		D5A6C87D157FE1DF0016985D /* jdosabcc.obj */ = {isa = PBXFileReference; lastKnownFileType = file; path = jdosabcc.obj; sourceTree = "<group>"; };
		D5A6C87E157FE1DF0016985D /* jdosamsc.obj */ = {isa = PBXFileReference; lastKnownFileType = file; path = jdosamsc.obj; sourceTree = "<group>"; };
		D5A6C87F157FE1DF0016985D /* jdosaobj.doc */ = {isa = PBXFileReference; fileEncoding = 4; lastKnownFileType = text; path = jdosaobj.doc; sourceTree = "<group>"; };
		D5A6C880157FE1DF0016985D /* jdphuff.c */ = {isa = PBXFileReference; fileEncoding = 4; lastKnownFileType = sourcecode.c.c; path = jdphuff.c; sourceTree = "<group>"; };
		D5A6C881157FE1DF0016985D /* jdpostct.c */ = {isa = PBXFileReference; fileEncoding = 4; lastKnownFileType = sourcecode.c.c; path = jdpostct.c; sourceTree = "<group>"; };
		D5A6C882157FE1DF0016985D /* jdsample.c */ = {isa = PBXFileReference; fileEncoding = 4; lastKnownFileType = sourcecode.c.c; path = jdsample.c; sourceTree = "<group>"; };
		D5A6C883157FE1DF0016985D /* jdtrans.c */ = {isa = PBXFileReference; fileEncoding = 4; lastKnownFileType = sourcecode.c.c; path = jdtrans.c; sourceTree = "<group>"; };
		D5A6C884157FE1DF0016985D /* jerror.c */ = {isa = PBXFileReference; fileEncoding = 4; lastKnownFileType = sourcecode.c.c; path = jerror.c; sourceTree = "<group>"; };
		D5A6C885157FE1DF0016985D /* jerror.h */ = {isa = PBXFileReference; fileEncoding = 4; lastKnownFileType = sourcecode.c.h; path = jerror.h; sourceTree = "<group>"; };
		D5A6C886157FE1DF0016985D /* jfdctflt.c */ = {isa = PBXFileReference; fileEncoding = 4; lastKnownFileType = sourcecode.c.c; path = jfdctflt.c; sourceTree = "<group>"; };
		D5A6C887157FE1DF0016985D /* jfdctfst.c */ = {isa = PBXFileReference; fileEncoding = 4; lastKnownFileType = sourcecode.c.c; path = jfdctfst.c; sourceTree = "<group>"; };
		D5A6C888157FE1DF0016985D /* jfdctint.c */ = {isa = PBXFileReference; fileEncoding = 4; lastKnownFileType = sourcecode.c.c; path = jfdctint.c; sourceTree = "<group>"; };
		D5A6C889157FE1DF0016985D /* jidctflt.c */ = {isa = PBXFileReference; fileEncoding = 4; lastKnownFileType = sourcecode.c.c; path = jidctflt.c; sourceTree = "<group>"; };
		D5A6C88A157FE1DF0016985D /* jidctfst.c */ = {isa = PBXFileReference; fileEncoding = 4; lastKnownFileType = sourcecode.c.c; path = jidctfst.c; sourceTree = "<group>"; };
		D5A6C88B157FE1DF0016985D /* jidctint.c */ = {isa = PBXFileReference; fileEncoding = 4; lastKnownFileType = sourcecode.c.c; path = jidctint.c; sourceTree = "<group>"; };
		D5A6C88C157FE1DF0016985D /* jidctred.c */ = {isa = PBXFileReference; fileEncoding = 4; lastKnownFileType = sourcecode.c.c; path = jidctred.c; sourceTree = "<group>"; };
		D5A6C88D157FE1DF0016985D /* jinclude.h */ = {isa = PBXFileReference; fileEncoding = 4; lastKnownFileType = sourcecode.c.h; path = jinclude.h; sourceTree = "<group>"; };
		D5A6C88E157FE1DF0016985D /* jmemansi.c */ = {isa = PBXFileReference; fileEncoding = 4; lastKnownFileType = sourcecode.c.c; path = jmemansi.c; sourceTree = "<group>"; };
		D5A6C892157FE1DF0016985D /* jmemmgr.c */ = {isa = PBXFileReference; fileEncoding = 4; lastKnownFileType = sourcecode.c.c; path = jmemmgr.c; sourceTree = "<group>"; };
		D5A6C893157FE1DF0016985D /* jmemname.c */ = {isa = PBXFileReference; fileEncoding = 4; lastKnownFileType = sourcecode.c.c; path = jmemname.c; sourceTree = "<group>"; };
		D5A6C894157FE1DF0016985D /* jmemnobs.c */ = {isa = PBXFileReference; fileEncoding = 4; lastKnownFileType = sourcecode.c.c; path = jmemnobs.c; sourceTree = "<group>"; };
		D5A6C895157FE1DF0016985D /* jmemsys.h */ = {isa = PBXFileReference; fileEncoding = 4; lastKnownFileType = sourcecode.c.h; path = jmemsys.h; sourceTree = "<group>"; };
		D5A6C896157FE1DF0016985D /* jmorecfg.h */ = {isa = PBXFileReference; fileEncoding = 4; lastKnownFileType = sourcecode.c.h; path = jmorecfg.h; sourceTree = "<group>"; };
		D5A6C897157FE1DF0016985D /* jpegint.h */ = {isa = PBXFileReference; fileEncoding = 4; lastKnownFileType = sourcecode.c.h; path = jpegint.h; sourceTree = "<group>"; };
		D5A6C898157FE1DF0016985D /* jpeglib.h */ = {isa = PBXFileReference; fileEncoding = 4; lastKnownFileType = sourcecode.c.h; path = jpeglib.h; sourceTree = "<group>"; };
		D5A6C899157FE1DF0016985D /* jpegtran.1 */ = {isa = PBXFileReference; fileEncoding = 4; lastKnownFileType = text.man; path = jpegtran.1; sourceTree = "<group>"; };
		D5A6C89A157FE1DF0016985D /* jpegtran.c */ = {isa = PBXFileReference; fileEncoding = 4; lastKnownFileType = sourcecode.c.c; path = jpegtran.c; sourceTree = "<group>"; };
		D5A6C89B157FE1DF0016985D /* jquant1.c */ = {isa = PBXFileReference; fileEncoding = 4; lastKnownFileType = sourcecode.c.c; path = jquant1.c; sourceTree = "<group>"; };
		D5A6C89C157FE1DF0016985D /* jquant2.c */ = {isa = PBXFileReference; fileEncoding = 4; lastKnownFileType = sourcecode.c.c; path = jquant2.c; sourceTree = "<group>"; };
		D5A6C89D157FE1DF0016985D /* jutils.c */ = {isa = PBXFileReference; fileEncoding = 4; lastKnownFileType = sourcecode.c.c; path = jutils.c; sourceTree = "<group>"; };
		D5A6C89E157FE1DF0016985D /* jversion.h */ = {isa = PBXFileReference; fileEncoding = 4; lastKnownFileType = sourcecode.c.h; path = jversion.h; sourceTree = "<group>"; };
		D5A6C8A3157FE1DF0016985D /* libjpeg.doc */ = {isa = PBXFileReference; fileEncoding = 4; lastKnownFileType = text; path = libjpeg.doc; sourceTree = "<group>"; };
		D5A6C8A4157FE1DF0016985D /* ltconfig */ = {isa = PBXFileReference; fileEncoding = 4; lastKnownFileType = text.script.sh; path = ltconfig; sourceTree = "<group>"; };
		D5A6C8A5157FE1DF0016985D /* ltmain.sh */ = {isa = PBXFileReference; fileEncoding = 4; lastKnownFileType = text.script.sh; path = ltmain.sh; sourceTree = "<group>"; };
		D5A6C8A6157FE1DF0016985D /* makcjpeg.st */ = {isa = PBXFileReference; fileEncoding = 4; lastKnownFileType = text; path = makcjpeg.st; sourceTree = "<group>"; };
		D5A6C8A7157FE1DF0016985D /* makdjpeg.st */ = {isa = PBXFileReference; fileEncoding = 4; lastKnownFileType = text; path = makdjpeg.st; sourceTree = "<group>"; };
		D5A6C8A8157FE1DF0016985D /* makeapps.ds */ = {isa = PBXFileReference; fileEncoding = 4; lastKnownFileType = text; path = makeapps.ds; sourceTree = "<group>"; };
		D5A6C8A9157FE1DF0016985D /* makefile.ansi */ = {isa = PBXFileReference; fileEncoding = 4; lastKnownFileType = text; path = makefile.ansi; sourceTree = "<group>"; };
		D5A6C8AA157FE1DF0016985D /* makefile.bcc */ = {isa = PBXFileReference; fileEncoding = 4; lastKnownFileType = text; path = makefile.bcc; sourceTree = "<group>"; };
		D5A6C8AB157FE1DF0016985D /* makefile.cfg */ = {isa = PBXFileReference; fileEncoding = 4; lastKnownFileType = text; path = makefile.cfg; sourceTree = "<group>"; };
		D5A6C8AC157FE1DF0016985D /* makefile.dj */ = {isa = PBXFileReference; fileEncoding = 4; lastKnownFileType = text; path = makefile.dj; sourceTree = "<group>"; };
		D5A6C8AD157FE1DF0016985D /* makefile.manx */ = {isa = PBXFileReference; fileEncoding = 4; lastKnownFileType = text; path = makefile.manx; sourceTree = "<group>"; };
		D5A6C8AE157FE1DF0016985D /* makefile.mc6 */ = {isa = PBXFileReference; fileEncoding = 4; lastKnownFileType = text; path = makefile.mc6; sourceTree = "<group>"; };
		D5A6C8AF157FE1DF0016985D /* makefile.mms */ = {isa = PBXFileReference; fileEncoding = 4; lastKnownFileType = text; path = makefile.mms; sourceTree = "<group>"; };
		D5A6C8B0157FE1DF0016985D /* makefile.sas */ = {isa = PBXFileReference; fileEncoding = 4; lastKnownFileType = text; path = makefile.sas; sourceTree = "<group>"; };
		D5A6C8B1157FE1DF0016985D /* makefile.unix */ = {isa = PBXFileReference; fileEncoding = 4; lastKnownFileType = text; path = makefile.unix; sourceTree = "<group>"; };
		D5A6C8B2157FE1DF0016985D /* makefile.vc */ = {isa = PBXFileReference; fileEncoding = 4; lastKnownFileType = text; path = makefile.vc; sourceTree = "<group>"; };
		D5A6C8B3157FE1DF0016985D /* makefile.vms */ = {isa = PBXFileReference; fileEncoding = 4; lastKnownFileType = text; path = makefile.vms; sourceTree = "<group>"; };
		D5A6C8B4157FE1DF0016985D /* makefile.wat */ = {isa = PBXFileReference; fileEncoding = 4; lastKnownFileType = text; path = makefile.wat; sourceTree = "<group>"; };
		D5A6C8B5157FE1DF0016985D /* makelib.ds */ = {isa = PBXFileReference; fileEncoding = 4; lastKnownFileType = text; path = makelib.ds; sourceTree = "<group>"; };
		D5A6C8B6157FE1DF0016985D /* makeproj.mac */ = {isa = PBXFileReference; fileEncoding = 4; lastKnownFileType = text; path = makeproj.mac; sourceTree = "<group>"; };
		D5A6C8B7157FE1DF0016985D /* makljpeg.st */ = {isa = PBXFileReference; fileEncoding = 4; lastKnownFileType = text; path = makljpeg.st; sourceTree = "<group>"; };
		D5A6C8B8157FE1DF0016985D /* maktjpeg.st */ = {isa = PBXFileReference; fileEncoding = 4; lastKnownFileType = text; path = maktjpeg.st; sourceTree = "<group>"; };
		D5A6C8B9157FE1DF0016985D /* makvms.opt */ = {isa = PBXFileReference; fileEncoding = 4; lastKnownFileType = text; path = makvms.opt; sourceTree = "<group>"; };
		D5A6C8BA157FE1DF0016985D /* rdbmp.c */ = {isa = PBXFileReference; fileEncoding = 4; lastKnownFileType = sourcecode.c.c; path = rdbmp.c; sourceTree = "<group>"; };
		D5A6C8BB157FE1DF0016985D /* rdcolmap.c */ = {isa = PBXFileReference; fileEncoding = 4; lastKnownFileType = sourcecode.c.c; path = rdcolmap.c; sourceTree = "<group>"; };
		D5A6C8BC157FE1DF0016985D /* rdgif.c */ = {isa = PBXFileReference; fileEncoding = 4; lastKnownFileType = sourcecode.c.c; path = rdgif.c; sourceTree = "<group>"; };
		D5A6C8BD157FE1DF0016985D /* rdjpgcom.1 */ = {isa = PBXFileReference; fileEncoding = 4; lastKnownFileType = text.man; path = rdjpgcom.1; sourceTree = "<group>"; };
		D5A6C8BE157FE1DF0016985D /* rdjpgcom.c */ = {isa = PBXFileReference; fileEncoding = 4; lastKnownFileType = sourcecode.c.c; path = rdjpgcom.c; sourceTree = "<group>"; };
		D5A6C8BF157FE1DF0016985D /* rdppm.c */ = {isa = PBXFileReference; fileEncoding = 4; lastKnownFileType = sourcecode.c.c; path = rdppm.c; sourceTree = "<group>"; };
		D5A6C8C0157FE1DF0016985D /* rdrle.c */ = {isa = PBXFileReference; fileEncoding = 4; lastKnownFileType = sourcecode.c.c; path = rdrle.c; sourceTree = "<group>"; };
		D5A6C8C1157FE1DF0016985D /* rdswitch.c */ = {isa = PBXFileReference; fileEncoding = 4; lastKnownFileType = sourcecode.c.c; path = rdswitch.c; sourceTree = "<group>"; };
		D5A6C8C2157FE1DF0016985D /* rdtarga.c */ = {isa = PBXFileReference; fileEncoding = 4; lastKnownFileType = sourcecode.c.c; path = rdtarga.c; sourceTree = "<group>"; };
		D5A6C8C3157FE1DF0016985D /* README */ = {isa = PBXFileReference; fileEncoding = 4; lastKnownFileType = text; path = README; sourceTree = "<group>"; };
		D5A6C8C4157FE1DF0016985D /* readme.dos */ = {isa = PBXFileReference; fileEncoding = 4; lastKnownFileType = text; path = readme.dos; sourceTree = "<group>"; };
		D5A6C8C5157FE1DF0016985D /* structure.doc */ = {isa = PBXFileReference; fileEncoding = 4; lastKnownFileType = text; path = structure.doc; sourceTree = "<group>"; };
		D5A6C8C6157FE1DF0016985D /* testimg.bmp */ = {isa = PBXFileReference; lastKnownFileType = image.bmp; path = testimg.bmp; sourceTree = "<group>"; };
		D5A6C8C7157FE1DF0016985D /* testimg.jpg */ = {isa = PBXFileReference; lastKnownFileType = image.jpeg; path = testimg.jpg; sourceTree = "<group>"; };
		D5A6C8C8157FE1DF0016985D /* testimg.ppm */ = {isa = PBXFileReference; fileEncoding = 4; lastKnownFileType = text; path = testimg.ppm; sourceTree = "<group>"; };
		D5A6C8C9157FE1DF0016985D /* testimgp.jpg */ = {isa = PBXFileReference; lastKnownFileType = image.jpeg; path = testimgp.jpg; sourceTree = "<group>"; };
		D5A6C8CA157FE1DF0016985D /* testorig.jpg */ = {isa = PBXFileReference; lastKnownFileType = image.jpeg; path = testorig.jpg; sourceTree = "<group>"; };
		D5A6C8CB157FE1DF0016985D /* testprog.jpg */ = {isa = PBXFileReference; lastKnownFileType = image.jpeg; path = testprog.jpg; sourceTree = "<group>"; };
		D5A6C8CC157FE1DF0016985D /* transupp.c */ = {isa = PBXFileReference; fileEncoding = 4; lastKnownFileType = sourcecode.c.c; path = transupp.c; sourceTree = "<group>"; };
		D5A6C8CD157FE1DF0016985D /* transupp.h */ = {isa = PBXFileReference; fileEncoding = 4; lastKnownFileType = sourcecode.c.h; path = transupp.h; sourceTree = "<group>"; };
		D5A6C8CE157FE1DF0016985D /* usage.doc */ = {isa = PBXFileReference; fileEncoding = 4; lastKnownFileType = text; path = usage.doc; sourceTree = "<group>"; };
		D5A6C8CF157FE1DF0016985D /* wizard.doc */ = {isa = PBXFileReference; fileEncoding = 4; lastKnownFileType = text; path = wizard.doc; sourceTree = "<group>"; };
		D5A6C8D0157FE1DF0016985D /* wrbmp.c */ = {isa = PBXFileReference; fileEncoding = 4; lastKnownFileType = sourcecode.c.c; path = wrbmp.c; sourceTree = "<group>"; };
		D5A6C8D1157FE1DF0016985D /* wrgif.c */ = {isa = PBXFileReference; fileEncoding = 4; lastKnownFileType = sourcecode.c.c; path = wrgif.c; sourceTree = "<group>"; };
		D5A6C8D2157FE1DF0016985D /* wrjpgcom.1 */ = {isa = PBXFileReference; fileEncoding = 4; lastKnownFileType = text.man; path = wrjpgcom.1; sourceTree = "<group>"; };
		D5A6C8D3157FE1DF0016985D /* wrjpgcom.c */ = {isa = PBXFileReference; fileEncoding = 4; lastKnownFileType = sourcecode.c.c; path = wrjpgcom.c; sourceTree = "<group>"; };
		D5A6C8D4157FE1DF0016985D /* wrppm.c */ = {isa = PBXFileReference; fileEncoding = 4; lastKnownFileType = sourcecode.c.c; path = wrppm.c; sourceTree = "<group>"; };
		D5A6C8D5157FE1DF0016985D /* wrrle.c */ = {isa = PBXFileReference; fileEncoding = 4; lastKnownFileType = sourcecode.c.c; path = wrrle.c; sourceTree = "<group>"; };
		D5A6C8D6157FE1DF0016985D /* wrtarga.c */ = {isa = PBXFileReference; fileEncoding = 4; lastKnownFileType = sourcecode.c.c; path = wrtarga.c; sourceTree = "<group>"; };
/* End PBXFileReference section */

/* Begin PBXFrameworksBuildPhase section */
		D5A6C82A157FE1630016985D /* Frameworks */ = {
			isa = PBXFrameworksBuildPhase;
			buildActionMask = 2147483647;
			files = (
				D5A6C831157FE1630016985D /* Foundation.framework in Frameworks */,
			);
			runOnlyForDeploymentPostprocessing = 0;
		};
/* End PBXFrameworksBuildPhase section */

/* Begin PBXGroup section */
		D5A6C822157FE1630016985D = {
			isa = PBXGroup;
			children = (
				D5A6C832157FE1630016985D /* jpeg */,
				D5A6C82F157FE1630016985D /* Frameworks */,
				D5A6C82E157FE1630016985D /* Products */,
			);
			sourceTree = "<group>";
		};
		D5A6C82E157FE1630016985D /* Products */ = {
			isa = PBXGroup;
			children = (
				D5A6C82D157FE1630016985D /* libjpeg.a */,
			);
			name = Products;
			sourceTree = "<group>";
		};
		D5A6C82F157FE1630016985D /* Frameworks */ = {
			isa = PBXGroup;
			children = (
				D5A6C830157FE1630016985D /* Foundation.framework */,
			);
			name = Frameworks;
			sourceTree = "<group>";
		};
		D5A6C832157FE1630016985D /* jpeg */ = {
			isa = PBXGroup;
			children = (
				D5A6C83D157FE1DF0016985D /* ansi2knr.1 */,
				D5A6C83E157FE1DF0016985D /* ansi2knr.c */,
				D5A6C83F157FE1DF0016985D /* cderror.h */,
				D5A6C840157FE1DF0016985D /* cdjpeg.c */,
				D5A6C841157FE1DF0016985D /* cdjpeg.h */,
				D5A6C842157FE1DF0016985D /* change.log */,
				D5A6C843157FE1DF0016985D /* cjpeg.1 */,
				D5A6C844157FE1DF0016985D /* cjpeg.c */,
				D5A6C845157FE1DF0016985D /* ckconfig.c */,
				D5A6C846157FE1DF0016985D /* coderules.doc */,
				D5A6C847157FE1DF0016985D /* config.guess */,
				D5A6C848157FE1DF0016985D /* config.sub */,
				D5A6C849157FE1DF0016985D /* configure */,
				D5A6C84A157FE1DF0016985D /* djpeg.1 */,
				D5A6C84B157FE1DF0016985D /* djpeg.c */,
				D5A6C84C157FE1DF0016985D /* example.c */,
				D5A6C84D157FE1DF0016985D /* filelist.doc */,
				D5A6C84E157FE1DF0016985D /* install-sh */,
				D5A6C84F157FE1DF0016985D /* install.doc */,
				D5A6C850157FE1DF0016985D /* jcapimin.c */,
				D5A6C851157FE1DF0016985D /* jcapistd.c */,
				D5A6C852157FE1DF0016985D /* jccoefct.c */,
				D5A6C853157FE1DF0016985D /* jccolor.c */,
				D5A6C854157FE1DF0016985D /* jcdctmgr.c */,
				D5A6C855157FE1DF0016985D /* jchuff.c */,
				D5A6C856157FE1DF0016985D /* jchuff.h */,
				D5A6C857157FE1DF0016985D /* jcinit.c */,
				D5A6C858157FE1DF0016985D /* jcmainct.c */,
				D5A6C859157FE1DF0016985D /* jcmarker.c */,
				D5A6C85A157FE1DF0016985D /* jcmaster.c */,
				D5A6C85B157FE1DF0016985D /* jcomapi.c */,
				D5A6C85C157FE1DF0016985D /* jconfig.bcc */,
				D5A6C85D157FE1DF0016985D /* jconfig.cfg */,
				D5A6C85E157FE1DF0016985D /* jconfig.dj */,
				D5A6C85F157FE1DF0016985D /* jconfig.doc */,
				D5A6C860157FE1DF0016985D /* jconfig.h */,
				D5A6C869157FE1DF0016985D /* jcparam.c */,
				D5A6C86A157FE1DF0016985D /* jcphuff.c */,
				D5A6C86B157FE1DF0016985D /* jcprepct.c */,
				D5A6C86C157FE1DF0016985D /* jcsample.c */,
				D5A6C86D157FE1DF0016985D /* jctrans.c */,
				D5A6C86E157FE1DF0016985D /* jdapimin.c */,
				D5A6C86F157FE1DF0016985D /* jdapistd.c */,
				D5A6C870157FE1DF0016985D /* jdatadst.c */,
				D5A6C871157FE1DF0016985D /* jdatasrc.c */,
				D5A6C872157FE1DF0016985D /* jdcoefct.c */,
				D5A6C873157FE1DF0016985D /* jdcolor.c */,
				D5A6C874157FE1DF0016985D /* jdct.h */,
				D5A6C875157FE1DF0016985D /* jddctmgr.c */,
				D5A6C876157FE1DF0016985D /* jdhuff.c */,
				D5A6C877157FE1DF0016985D /* jdhuff.h */,
				D5A6C878157FE1DF0016985D /* jdinput.c */,
				D5A6C879157FE1DF0016985D /* jdmainct.c */,
				D5A6C87A157FE1DF0016985D /* jdmarker.c */,
				D5A6C87B157FE1DF0016985D /* jdmaster.c */,
				D5A6C87C157FE1DF0016985D /* jdmerge.c */,
				D5A6C87D157FE1DF0016985D /* jdosabcc.obj */,
				D5A6C87E157FE1DF0016985D /* jdosamsc.obj */,
				D5A6C87F157FE1DF0016985D /* jdosaobj.doc */,
				D5A6C880157FE1DF0016985D /* jdphuff.c */,
				D5A6C881157FE1DF0016985D /* jdpostct.c */,
				D5A6C882157FE1DF0016985D /* jdsample.c */,
				D5A6C883157FE1DF0016985D /* jdtrans.c */,
				D5A6C884157FE1DF0016985D /* jerror.c */,
				D5A6C885157FE1DF0016985D /* jerror.h */,
				D5A6C886157FE1DF0016985D /* jfdctflt.c */,
				D5A6C887157FE1DF0016985D /* jfdctfst.c */,
				D5A6C888157FE1DF0016985D /* jfdctint.c */,
				D5A6C889157FE1DF0016985D /* jidctflt.c */,
				D5A6C88A157FE1DF0016985D /* jidctfst.c */,
				D5A6C88B157FE1DF0016985D /* jidctint.c */,
				D5A6C88C157FE1DF0016985D /* jidctred.c */,
				D5A6C88D157FE1DF0016985D /* jinclude.h */,
				D5A6C88E157FE1DF0016985D /* jmemansi.c */,
				D5A6C892157FE1DF0016985D /* jmemmgr.c */,
				D5A6C893157FE1DF0016985D /* jmemname.c */,
				D5A6C894157FE1DF0016985D /* jmemnobs.c */,
				D5A6C895157FE1DF0016985D /* jmemsys.h */,
				D5A6C896157FE1DF0016985D /* jmorecfg.h */,
				D5A6C897157FE1DF0016985D /* jpegint.h */,
				D5A6C898157FE1DF0016985D /* jpeglib.h */,
				D5A6C899157FE1DF0016985D /* jpegtran.1 */,
				D5A6C89A157FE1DF0016985D /* jpegtran.c */,
				D5A6C89B157FE1DF0016985D /* jquant1.c */,
				D5A6C89C157FE1DF0016985D /* jquant2.c */,
				D5A6C89D157FE1DF0016985D /* jutils.c */,
				D5A6C89E157FE1DF0016985D /* jversion.h */,
				D5A6C8A3157FE1DF0016985D /* libjpeg.doc */,
				D5A6C8A4157FE1DF0016985D /* ltconfig */,
				D5A6C8A5157FE1DF0016985D /* ltmain.sh */,
				D5A6C8A6157FE1DF0016985D /* makcjpeg.st */,
				D5A6C8A7157FE1DF0016985D /* makdjpeg.st */,
				D5A6C8A8157FE1DF0016985D /* makeapps.ds */,
				D5A6C8A9157FE1DF0016985D /* makefile.ansi */,
				D5A6C8AA157FE1DF0016985D /* makefile.bcc */,
				D5A6C8AB157FE1DF0016985D /* makefile.cfg */,
				D5A6C8AC157FE1DF0016985D /* makefile.dj */,
				D5A6C8AD157FE1DF0016985D /* makefile.manx */,
				D5A6C8AE157FE1DF0016985D /* makefile.mc6 */,
				D5A6C8AF157FE1DF0016985D /* makefile.mms */,
				D5A6C8B0157FE1DF0016985D /* makefile.sas */,
				D5A6C8B1157FE1DF0016985D /* makefile.unix */,
				D5A6C8B2157FE1DF0016985D /* makefile.vc */,
				D5A6C8B3157FE1DF0016985D /* makefile.vms */,
				D5A6C8B4157FE1DF0016985D /* makefile.wat */,
				D5A6C8B5157FE1DF0016985D /* makelib.ds */,
				D5A6C8B6157FE1DF0016985D /* makeproj.mac */,
				D5A6C8B7157FE1DF0016985D /* makljpeg.st */,
				D5A6C8B8157FE1DF0016985D /* maktjpeg.st */,
				D5A6C8B9157FE1DF0016985D /* makvms.opt */,
				D5A6C8BA157FE1DF0016985D /* rdbmp.c */,
				D5A6C8BB157FE1DF0016985D /* rdcolmap.c */,
				D5A6C8BC157FE1DF0016985D /* rdgif.c */,
				D5A6C8BD157FE1DF0016985D /* rdjpgcom.1 */,
				D5A6C8BE157FE1DF0016985D /* rdjpgcom.c */,
				D5A6C8BF157FE1DF0016985D /* rdppm.c */,
				D5A6C8C0157FE1DF0016985D /* rdrle.c */,
				D5A6C8C1157FE1DF0016985D /* rdswitch.c */,
				D5A6C8C2157FE1DF0016985D /* rdtarga.c */,
				D5A6C8C3157FE1DF0016985D /* README */,
				D5A6C8C4157FE1DF0016985D /* readme.dos */,
				D5A6C8C5157FE1DF0016985D /* structure.doc */,
				D5A6C8C6157FE1DF0016985D /* testimg.bmp */,
				D5A6C8C7157FE1DF0016985D /* testimg.jpg */,
				D5A6C8C8157FE1DF0016985D /* testimg.ppm */,
				D5A6C8C9157FE1DF0016985D /* testimgp.jpg */,
				D5A6C8CA157FE1DF0016985D /* testorig.jpg */,
				D5A6C8CB157FE1DF0016985D /* testprog.jpg */,
				D5A6C8CC157FE1DF0016985D /* transupp.c */,
				D5A6C8CD157FE1DF0016985D /* transupp.h */,
				D5A6C8CE157FE1DF0016985D /* usage.doc */,
				D5A6C8CF157FE1DF0016985D /* wizard.doc */,
				D5A6C8D0157FE1DF0016985D /* wrbmp.c */,
				D5A6C8D1157FE1DF0016985D /* wrgif.c */,
				D5A6C8D2157FE1DF0016985D /* wrjpgcom.1 */,
				D5A6C8D3157FE1DF0016985D /* wrjpgcom.c */,
				D5A6C8D4157FE1DF0016985D /* wrppm.c */,
				D5A6C8D5157FE1DF0016985D /* wrrle.c */,
				D5A6C8D6157FE1DF0016985D /* wrtarga.c */,
			);
			path = jpeg;
			sourceTree = "<group>";
		};
/* End PBXGroup section */

/* Begin PBXHeadersBuildPhase section */
		D5A6C82B157FE1630016985D /* Headers */ = {
			isa = PBXHeadersBuildPhase;
			buildActionMask = 2147483647;
			files = (
				D5A6C8D8157FE1DF0016985D /* cderror.h in Headers */,
				D5A6C8DA157FE1DF0016985D /* cdjpeg.h in Headers */,
				D5A6C8E5157FE1DF0016985D /* jchuff.h in Headers */,
				D5A6C8EB157FE1DF0016985D /* jconfig.h in Headers */,
				D5A6C8F7157FE1DF0016985D /* jdct.h in Headers */,
				D5A6C8FA157FE1DF0016985D /* jdhuff.h in Headers */,
				D5A6C905157FE1DF0016985D /* jerror.h in Headers */,
				D5A6C90D157FE1DF0016985D /* jinclude.h in Headers */,
				D5A6C915157FE1DF0016985D /* jmemsys.h in Headers */,
				D5A6C916157FE1DF0016985D /* jmorecfg.h in Headers */,
				D5A6C917157FE1DF0016985D /* jpegint.h in Headers */,
				D5A6C918157FE1DF0016985D /* jpeglib.h in Headers */,
				D5A6C91D157FE1DF0016985D /* jversion.h in Headers */,
				D5A6C927157FE1DF0016985D /* transupp.h in Headers */,
			);
			runOnlyForDeploymentPostprocessing = 0;
		};
/* End PBXHeadersBuildPhase section */

/* Begin PBXNativeTarget section */
		D5A6C82C157FE1630016985D /* jpeg */ = {
			isa = PBXNativeTarget;
			buildConfigurationList = D5A6C83A157FE1630016985D /* Build configuration list for PBXNativeTarget "jpeg" */;
			buildPhases = (
				D5A6C829157FE1630016985D /* Sources */,
				D5A6C82A157FE1630016985D /* Frameworks */,
				D5A6C82B157FE1630016985D /* Headers */,
				4EFF546716165683000C3AFD /* ShellScript */,
			);
			buildRules = (
			);
			dependencies = (
			);
			name = jpeg;
			productName = jpeg;
			productReference = D5A6C82D157FE1630016985D /* libjpeg.a */;
			productType = "com.apple.product-type.library.static";
		};
/* End PBXNativeTarget section */

/* Begin PBXProject section */
		D5A6C824157FE1630016985D /* Project object */ = {
			isa = PBXProject;
			attributes = {
				LastUpgradeCheck = 0430;
			};
			buildConfigurationList = D5A6C827157FE1630016985D /* Build configuration list for PBXProject "jpeg" */;
			compatibilityVersion = "Xcode 3.2";
			developmentRegion = English;
			hasScannedForEncodings = 0;
			knownRegions = (
				en,
			);
			mainGroup = D5A6C822157FE1630016985D;
			productRefGroup = D5A6C82E157FE1630016985D /* Products */;
			projectDirPath = "";
			projectRoot = "";
			targets = (
				D5A6C82C157FE1630016985D /* jpeg */,
			);
		};
/* End PBXProject section */

/* Begin PBXShellScriptBuildPhase section */
		4EFF546716165683000C3AFD /* ShellScript */ = {
			isa = PBXShellScriptBuildPhase;
			buildActionMask = 2147483647;
			files = (
			);
			inputPaths = (
			);
			outputPaths = (
			);
			runOnlyForDeploymentPostprocessing = 0;
			shellPath = /bin/sh;
			shellScript = "# Version 2.1 (added support for header files in subfolders)\n# Version 2.0 (updated for Xcode 4, with some fixes)\n# Changes:\n#    - Some libs (e.g. box2D) require their headers in sub-folders; Xcode DOES NOT SUPPORT THIS, but you can hack Xcode to force it to obey the standards. But then this script would fail; this has now been fixed - script works with both types of project\n#    - Works with xcode 4, even when running xcode 3 projects (Workarounds for apple bugs)\n#    - Faster / better: only runs lipo once, instead of once per recursion\n#    - Added some debugging statemetns that can be switched on/off by changing the DEBUG_THIS_SCRIPT variable to \"true\"\n#    - Fixed some typos\n#\n# Purpose:\n#   Create a static library for iPhone from within XCode\n#   Because Apple staff DELIBERATELY broke Xcode to make this impossible from the GUI (Xcode 3.2.3 specifically states this in the Release notes!)\n#   ...no, I don't understand why they did this!\n#\n# Author: Adam Martin - http://twitter.com/redglassesapps\n# Based on: original script from Eonil (main changes: Eonil's script WILL NOT WORK in Xcode GUI - it WILL CRASH YOUR COMPUTER)\n#\n# More info: see this Stack Overflow question: http://stackoverflow.com/questions/3520977/build-fat-static-library-device-simulator-using-xcode-and-sdk-4\n\n#################[ Tests: helps workaround any future bugs in Xcode ]########\n#\nDEBUG_THIS_SCRIPT=\"false\"\n\nif [ $DEBUG_THIS_SCRIPT = \"true\" ]\nthen\necho \"########### TESTS #############\"\necho \"Use the following variables when debugging this script; note that they may change on recursions\"\necho \"BUILD_DIR = $BUILD_DIR\"\necho \"BUILD_ROOT = $BUILD_ROOT\"\necho \"CONFIGURATION_BUILD_DIR = $CONFIGURATION_BUILD_DIR\"\necho \"BUILT_PRODUCTS_DIR = $BUILT_PRODUCTS_DIR\"\necho \"CONFIGURATION_TEMP_DIR = $CONFIGURATION_TEMP_DIR\"\necho \"TARGET_BUILD_DIR = $TARGET_BUILD_DIR\"\nfi\n\n#####################[ part 1 ]##################\n# First, work out the BASESDK version number (NB: Apple ought to report this, but they hide it)\n#    (incidental: searching for substrings in sh is a nightmare! Sob)\n\nSDK_VERSION=$(echo ${SDK_NAME} | grep -o '.\\{3\\}$')\n\n# Next, work out if we're in SIM or DEVICE\n\nif [ ${PLATFORM_NAME} = \"iphonesimulator\" ]\nthen\nOTHER_SDK_TO_BUILD=iphoneos${SDK_VERSION}\nelse\nOTHER_SDK_TO_BUILD=iphonesimulator${SDK_VERSION}\nfi\n\necho \"XCode has selected SDK: ${PLATFORM_NAME} with version: ${SDK_VERSION} (although back-targetting: ${IPHONEOS_DEPLOYMENT_TARGET})\"\necho \"...therefore, OTHER_SDK_TO_BUILD = ${OTHER_SDK_TO_BUILD}\"\n#\n#####################[ end of part 1 ]##################\n\n#####################[ part 2 ]##################\n#\n# IF this is the original invocation, invoke WHATEVER other builds are required\n#\n# Xcode is already building ONE target...\n#\n# ...but this is a LIBRARY, so Apple is wrong to set it to build just one.\n# ...we need to build ALL targets\n# ...we MUST NOT re-build the target that is ALREADY being built: Xcode WILL CRASH YOUR COMPUTER if you try this (infinite recursion!)\n#\n#\n# So: build ONLY the missing platforms/configurations.\n\nif [ \"true\" == ${ALREADYINVOKED:-false} ]\nthen\necho \"RECURSION: I am NOT the root invocation, so I'm NOT going to recurse\"\nelse\n# CRITICAL:\n# Prevent infinite recursion (Xcode sucks)\nexport ALREADYINVOKED=\"true\"\n\necho \"RECURSION: I am the root ... recursing all missing build targets NOW...\"\necho \"RECURSION: ...about to invoke: xcodebuild -configuration \\\"${CONFIGURATION}\\\" -target \\\"${TARGET_NAME}\\\" -sdk \\\"${OTHER_SDK_TO_BUILD}\\\" ${ACTION} RUN_CLANG_STATIC_ANALYZER=NO\"\nxcodebuild -configuration \"${CONFIGURATION}\" -target \"${TARGET_NAME}\" -sdk \"${OTHER_SDK_TO_BUILD}\" ${ACTION} RUN_CLANG_STATIC_ANALYZER=NO BUILD_DIR=\"${BUILD_DIR}\" BUILD_ROOT=\"${BUILD_ROOT}\"\n\nACTION=\"build\"\n\n#Merge all platform binaries as a fat binary for each configurations.\n\n# Calculate where the (multiple) built files are coming from:\nCURRENTCONFIG_DEVICE_DIR=${SYMROOT}/${CONFIGURATION}-iphoneos\nCURRENTCONFIG_SIMULATOR_DIR=${SYMROOT}/${CONFIGURATION}-iphonesimulator\n\necho \"Taking device build from: ${CURRENTCONFIG_DEVICE_DIR}\"\necho \"Taking simulator build from: ${CURRENTCONFIG_SIMULATOR_DIR}\"\n\nCREATING_UNIVERSAL_DIR=${SYMROOT}/${CONFIGURATION}-universal\necho \"...I will output a universal build to: ${CREATING_UNIVERSAL_DIR}\"\n\n# ... remove the products of previous runs of this script\n#      NB: this directory is ONLY created by this script - it should be safe to delete!\n\nrm -rf \"${CREATING_UNIVERSAL_DIR}\"\nmkdir \"${CREATING_UNIVERSAL_DIR}\"\n\n#\necho \"lipo: for current configuration (${CONFIGURATION}) creating output file: ${CREATING_UNIVERSAL_DIR}/${EXECUTABLE_NAME}\"\nlipo -create -output \"${CREATING_UNIVERSAL_DIR}/${EXECUTABLE_NAME}\" \"${CURRENTCONFIG_DEVICE_DIR}/${EXECUTABLE_NAME}\" \"${CURRENTCONFIG_SIMULATOR_DIR}/${EXECUTABLE_NAME}\"\n\n#########\n#\n# Added: StackOverflow suggestion to also copy \"include\" files\n#    (untested, but should work OK)\n#\nif [ -d \"${CURRENTCONFIG_DEVICE_DIR}/usr/local/include\" ]\nthen\nmkdir -p \"${CREATING_UNIVERSAL_DIR}/usr/local/include\"\n# * needs to be outside the double quotes?\ncp -r \"${CURRENTCONFIG_DEVICE_DIR}/usr/local/include/\"* \"${CREATING_UNIVERSAL_DIR}/usr/local/include\"\nfi\nfi";
		};
/* End PBXShellScriptBuildPhase section */

/* Begin PBXSourcesBuildPhase section */
		D5A6C829157FE1630016985D /* Sources */ = {
			isa = PBXSourcesBuildPhase;
			buildActionMask = 2147483647;
			files = (
				D5A6C8D7157FE1DF0016985D /* ansi2knr.c in Sources */,
				D5A6C8D9157FE1DF0016985D /* cdjpeg.c in Sources */,
				D5A6C8DB157FE1DF0016985D /* cjpeg.c in Sources */,
				D5A6C8DC157FE1DF0016985D /* ckconfig.c in Sources */,
				D5A6C8DD157FE1DF0016985D /* djpeg.c in Sources */,
				D5A6C8DE157FE1DF0016985D /* example.c in Sources */,
				D5A6C8DF157FE1DF0016985D /* jcapimin.c in Sources */,
				D5A6C8E0157FE1DF0016985D /* jcapistd.c in Sources */,
				D5A6C8E1157FE1DF0016985D /* jccoefct.c in Sources */,
				D5A6C8E2157FE1DF0016985D /* jccolor.c in Sources */,
				D5A6C8E3157FE1DF0016985D /* jcdctmgr.c in Sources */,
				D5A6C8E4157FE1DF0016985D /* jchuff.c in Sources */,
				D5A6C8E6157FE1DF0016985D /* jcinit.c in Sources */,
				D5A6C8E7157FE1DF0016985D /* jcmainct.c in Sources */,
				D5A6C8E8157FE1DF0016985D /* jcmarker.c in Sources */,
				D5A6C8E9157FE1DF0016985D /* jcmaster.c in Sources */,
				D5A6C8EA157FE1DF0016985D /* jcomapi.c in Sources */,
				D5A6C8EC157FE1DF0016985D /* jcparam.c in Sources */,
				D5A6C8ED157FE1DF0016985D /* jcphuff.c in Sources */,
				D5A6C8EE157FE1DF0016985D /* jcprepct.c in Sources */,
				D5A6C8EF157FE1DF0016985D /* jcsample.c in Sources */,
				D5A6C8F0157FE1DF0016985D /* jctrans.c in Sources */,
				D5A6C8F1157FE1DF0016985D /* jdapimin.c in Sources */,
				D5A6C8F2157FE1DF0016985D /* jdapistd.c in Sources */,
				D5A6C8F3157FE1DF0016985D /* jdatadst.c in Sources */,
				D5A6C8F4157FE1DF0016985D /* jdatasrc.c in Sources */,
				D5A6C8F5157FE1DF0016985D /* jdcoefct.c in Sources */,
				D5A6C8F6157FE1DF0016985D /* jdcolor.c in Sources */,
				D5A6C8F8157FE1DF0016985D /* jddctmgr.c in Sources */,
				D5A6C8F9157FE1DF0016985D /* jdhuff.c in Sources */,
				D5A6C8FB157FE1DF0016985D /* jdinput.c in Sources */,
				D5A6C8FC157FE1DF0016985D /* jdmainct.c in Sources */,
				D5A6C8FD157FE1DF0016985D /* jdmarker.c in Sources */,
				D5A6C8FE157FE1DF0016985D /* jdmaster.c in Sources */,
				D5A6C8FF157FE1DF0016985D /* jdmerge.c in Sources */,
				D5A6C900157FE1DF0016985D /* jdphuff.c in Sources */,
				D5A6C901157FE1DF0016985D /* jdpostct.c in Sources */,
				D5A6C902157FE1DF0016985D /* jdsample.c in Sources */,
				D5A6C903157FE1DF0016985D /* jdtrans.c in Sources */,
				D5A6C904157FE1DF0016985D /* jerror.c in Sources */,
				D5A6C906157FE1DF0016985D /* jfdctflt.c in Sources */,
				D5A6C907157FE1DF0016985D /* jfdctfst.c in Sources */,
				D5A6C908157FE1DF0016985D /* jfdctint.c in Sources */,
				D5A6C909157FE1DF0016985D /* jidctflt.c in Sources */,
				D5A6C90A157FE1DF0016985D /* jidctfst.c in Sources */,
				D5A6C90B157FE1DF0016985D /* jidctint.c in Sources */,
				D5A6C90C157FE1DF0016985D /* jidctred.c in Sources */,
				D5A6C90E157FE1DF0016985D /* jmemansi.c in Sources */,
				D5A6C912157FE1DF0016985D /* jmemmgr.c in Sources */,
				D5A6C913157FE1DF0016985D /* jmemname.c in Sources */,
				D5A6C914157FE1DF0016985D /* jmemnobs.c in Sources */,
				D5A6C919157FE1DF0016985D /* jpegtran.c in Sources */,
				D5A6C91A157FE1DF0016985D /* jquant1.c in Sources */,
				D5A6C91B157FE1DF0016985D /* jquant2.c in Sources */,
				D5A6C91C157FE1DF0016985D /* jutils.c in Sources */,
				D5A6C91E157FE1DF0016985D /* rdbmp.c in Sources */,
				D5A6C91F157FE1DF0016985D /* rdcolmap.c in Sources */,
				D5A6C920157FE1DF0016985D /* rdgif.c in Sources */,
				D5A6C921157FE1DF0016985D /* rdjpgcom.c in Sources */,
				D5A6C922157FE1DF0016985D /* rdppm.c in Sources */,
				D5A6C923157FE1DF0016985D /* rdrle.c in Sources */,
				D5A6C924157FE1DF0016985D /* rdswitch.c in Sources */,
				D5A6C925157FE1DF0016985D /* rdtarga.c in Sources */,
				D5A6C926157FE1DF0016985D /* transupp.c in Sources */,
				D5A6C928157FE1DF0016985D /* wrbmp.c in Sources */,
				D5A6C929157FE1DF0016985D /* wrgif.c in Sources */,
				D5A6C92A157FE1DF0016985D /* wrjpgcom.c in Sources */,
				D5A6C92B157FE1DF0016985D /* wrppm.c in Sources */,
				D5A6C92C157FE1DF0016985D /* wrrle.c in Sources */,
				D5A6C92D157FE1DF0016985D /* wrtarga.c in Sources */,
			);
			runOnlyForDeploymentPostprocessing = 0;
		};
/* End PBXSourcesBuildPhase section */

/* Begin XCBuildConfiguration section */
		D5A6C838157FE1630016985D /* Debug */ = {
			isa = XCBuildConfiguration;
			buildSettings = {
				ALWAYS_SEARCH_USER_PATHS = NO;
				ARCHS = "$(ARCHS_STANDARD_32_BIT)";
				COPY_PHASE_STRIP = NO;
				GCC_C_LANGUAGE_STANDARD = gnu99;
				GCC_DYNAMIC_NO_PIC = NO;
				GCC_OPTIMIZATION_LEVEL = 0;
				GCC_PREPROCESSOR_DEFINITIONS = (
					"DEBUG=1",
					"$(inherited)",
				);
				GCC_SYMBOLS_PRIVATE_EXTERN = NO;
				GCC_VERSION = com.apple.compilers.llvm.clang.1_0;
				GCC_WARN_ABOUT_RETURN_TYPE = YES;
				GCC_WARN_UNINITIALIZED_AUTOS = YES;
				GCC_WARN_UNUSED_VARIABLE = YES;
				IPHONEOS_DEPLOYMENT_TARGET = 5.1;
				SDKROOT = iphoneos;
			};
			name = Debug;
		};
		D5A6C839157FE1630016985D /* Release */ = {
			isa = XCBuildConfiguration;
			buildSettings = {
				ALWAYS_SEARCH_USER_PATHS = NO;
				ARCHS = "$(ARCHS_STANDARD_32_BIT)";
				COPY_PHASE_STRIP = YES;
				GCC_C_LANGUAGE_STANDARD = gnu99;
				GCC_VERSION = com.apple.compilers.llvm.clang.1_0;
				GCC_WARN_ABOUT_RETURN_TYPE = YES;
				GCC_WARN_UNINITIALIZED_AUTOS = YES;
				GCC_WARN_UNUSED_VARIABLE = YES;
				IPHONEOS_DEPLOYMENT_TARGET = 5.1;
				SDKROOT = iphoneos;
				VALIDATE_PRODUCT = YES;
			};
			name = Release;
		};
		D5A6C83B157FE1630016985D /* Debug */ = {
			isa = XCBuildConfiguration;
			buildSettings = {
				ARCHS = "$(ARCHS_STANDARD_32_BIT)";
				DSTROOT = /tmp/jpeg.dst;
				GCC_PRECOMPILE_PREFIX_HEADER = NO;
				GCC_PREFIX_HEADER = "jpeg/jpeg-Prefix.pch";
				OTHER_LDFLAGS = "-ObjC";
				PRODUCT_NAME = "$(TARGET_NAME)";
				SKIP_INSTALL = YES;
				VALID_ARCHS = "armv6 armv7 armv7s i386";
			};
			name = Debug;
		};
		D5A6C83C157FE1630016985D /* Release */ = {
			isa = XCBuildConfiguration;
			buildSettings = {
				ARCHS = "$(ARCHS_STANDARD_32_BIT)";
				DSTROOT = /tmp/jpeg.dst;
				GCC_PRECOMPILE_PREFIX_HEADER = NO;
				GCC_PREFIX_HEADER = "jpeg/jpeg-Prefix.pch";
				OTHER_LDFLAGS = "-ObjC";
				PRODUCT_NAME = "$(TARGET_NAME)";
				SKIP_INSTALL = YES;
				VALID_ARCHS = "armv6 armv7 armv7s i386";
			};
			name = Release;
		};
/* End XCBuildConfiguration section */

/* Begin XCConfigurationList section */
		D5A6C827157FE1630016985D /* Build configuration list for PBXProject "jpeg" */ = {
			isa = XCConfigurationList;
			buildConfigurations = (
				D5A6C838157FE1630016985D /* Debug */,
				D5A6C839157FE1630016985D /* Release */,
			);
			defaultConfigurationIsVisible = 0;
			defaultConfigurationName = Release;
		};
		D5A6C83A157FE1630016985D /* Build configuration list for PBXNativeTarget "jpeg" */ = {
			isa = XCConfigurationList;
			buildConfigurations = (
				D5A6C83B157FE1630016985D /* Debug */,
				D5A6C83C157FE1630016985D /* Release */,
			);
			defaultConfigurationIsVisible = 0;
			defaultConfigurationName = Release;
		};
/* End XCConfigurationList section */
	};
	rootObject = D5A6C824157FE1630016985D /* Project object */;
}
