// !$*UTF8*$!
{
	archiveVersion = 1;
	classes = {
	};
	objectVersion = 46;
	objects = {

/* Begin PBXBuildFile section */
		082B72791A12EB95007AB418 /* libtealeaf.a in Frameworks */ = {isa = PBXBuildFile; fileRef = 082B72781A12EB95007AB418 /* libtealeaf.a */; };
		082B727C1A12EC02007AB418 /* NSMutableArray+WeakReferences.m in Sources */ = {isa = PBXBuildFile; fileRef = 082B727A1A12EC02007AB418 /* NSMutableArray+WeakReferences.m */; };
		082B727D1A12EC02007AB418 /* NSMutableDictionary+WeakReferences.m in Sources */ = {isa = PBXBuildFile; fileRef = 082B727B1A12EC02007AB418 /* NSMutableDictionary+WeakReferences.m */; };
		08E67B5A1A0D8B3400685EAE /* GameViewController.mm in Sources */ = {isa = PBXBuildFile; fileRef = 08E67B591A0D8B3400685EAE /* GameViewController.mm */; };
		08E67B5C1A0D8C0100685EAE /* GLKit.framework in Frameworks */ = {isa = PBXBuildFile; fileRef = 08E67B5B1A0D8C0100685EAE /* GLKit.framework */; };
		08E67B5E1A0D991700685EAE /* resources.bundle in Resources */ = {isa = PBXBuildFile; fileRef = 08E67B5D1A0D991700685EAE /* resources.bundle */; };
		08E67B6A1A0D9B4300685EAE /* FacebookSDK.framework in Frameworks */ = {isa = PBXBuildFile; fileRef = 08E67B601A0D9B4300685EAE /* FacebookSDK.framework */; };
		08E67B6C1A0D9B4300685EAE /* libjansson.a in Frameworks */ = {isa = PBXBuildFile; fileRef = 08E67B621A0D9B4300685EAE /* libjansson.a */; };
		08E67B6D1A0D9B4300685EAE /* libpng.a in Frameworks */ = {isa = PBXBuildFile; fileRef = 08E67B631A0D9B4300685EAE /* libpng.a */; };
		08E67B6E1A0D9B4300685EAE /* libtango_sdk.a in Frameworks */ = {isa = PBXBuildFile; fileRef = 08E67B641A0D9B4300685EAE /* libtango_sdk.a */; };
		08E67B6F1A0D9B4300685EAE /* libtango_sdk_objc.a in Frameworks */ = {isa = PBXBuildFile; fileRef = 08E67B651A0D9B4300685EAE /* libtango_sdk_objc.a */; };
		08E67B701A0D9B4300685EAE /* libturbojpeg.a in Frameworks */ = {isa = PBXBuildFile; fileRef = 08E67B661A0D9B4300685EAE /* libturbojpeg.a */; };
		08E67B711A0D9B4300685EAE /* libjs_static.a in Frameworks */ = {isa = PBXBuildFile; fileRef = 08E67B681A0D9B4300685EAE /* libjs_static.a */; };
		08E67B721A0D9B4300685EAE /* libnspr4.a in Frameworks */ = {isa = PBXBuildFile; fileRef = 08E67B691A0D9B4300685EAE /* libnspr4.a */; };
		36ACCF03179F2A63002AE65C /* left_text_handler_disabled.png in Resources */ = {isa = PBXBuildFile; fileRef = 36ACCEFD179F2A63002AE65C /* left_text_handler_disabled.png */; };
		36ACCF04179F2A63002AE65C /* left_text_handler_pressed.png in Resources */ = {isa = PBXBuildFile; fileRef = 36ACCEFE179F2A63002AE65C /* left_text_handler_pressed.png */; };
		36ACCF05179F2A63002AE65C /* left_text_handler.png in Resources */ = {isa = PBXBuildFile; fileRef = 36ACCEFF179F2A63002AE65C /* left_text_handler.png */; };
		36ACCF06179F2A63002AE65C /* right_text_handler_disabled.png in Resources */ = {isa = PBXBuildFile; fileRef = 36ACCF00179F2A63002AE65C /* right_text_handler_disabled.png */; };
		36ACCF07179F2A63002AE65C /* right_text_handler_pressed.png in Resources */ = {isa = PBXBuildFile; fileRef = 36ACCF01179F2A63002AE65C /* right_text_handler_pressed.png */; };
		36ACCF08179F2A63002AE65C /* right_text_handler.png in Resources */ = {isa = PBXBuildFile; fileRef = 36ACCF02179F2A63002AE65C /* right_text_handler.png */; };
		36ACCF2B179F595D002AE65C /* done_button_pressed.png in Resources */ = {isa = PBXBuildFile; fileRef = 36ACCF29179F595D002AE65C /* done_button_pressed.png */; };
		36ACCF2C179F595D002AE65C /* done_button.png in Resources */ = {isa = PBXBuildFile; fileRef = 36ACCF2A179F595D002AE65C /* done_button.png */; };
		4E9D36B317C6F91D006AA71B /* MobileCoreServices.framework in Frameworks */ = {isa = PBXBuildFile; fileRef = 4E9D36B117C6F8D1006AA71B /* MobileCoreServices.framework */; };
		4E9D36B417C6F922006AA71B /* CoreText.framework in Frameworks */ = {isa = PBXBuildFile; fileRef = 4E9D36AF17C6F8B0006AA71B /* CoreText.framework */; };
		4EEFA20D1755553500570B4E /* MessageUI.framework in Frameworks */ = {isa = PBXBuildFile; fileRef = A23214D313D8AFD600FA4C7D /* MessageUI.framework */; };
		4EEFA20F1755557A00570B4E /* UIKit.framework in Frameworks */ = {isa = PBXBuildFile; fileRef = 1DF5F4DF0D08C38300B7A737 /* UIKit.framework */; };
		4EEFA2101755559A00570B4E /* CoreGraphics.framework in Frameworks */ = {isa = PBXBuildFile; fileRef = 288765A40DF7441C002DB57D /* CoreGraphics.framework */; };
		4EEFA211175555AB00570B4E /* AVFoundation.framework in Frameworks */ = {isa = PBXBuildFile; fileRef = 1695630A1338639B0052334D /* AVFoundation.framework */; };
		4EEFA212175555CD00570B4E /* QuartzCore.framework in Frameworks */ = {isa = PBXBuildFile; fileRef = 5B469A40121A6B1300E414EA /* QuartzCore.framework */; };
		4EF16B80180DCA2B0011E864 /* Images.xcassets in Resources */ = {isa = PBXBuildFile; fileRef = 4EF16B7F180DCA2B0011E864 /* Images.xcassets */; };
		4EF16B8D180F1C0C0011E864 /* icon57.png in Resources */ = {isa = PBXBuildFile; fileRef = 4EF16B89180F1C0C0011E864 /* icon57.png */; };
		4EF16B8E180F1C0C0011E864 /* icon72.png in Resources */ = {isa = PBXBuildFile; fileRef = 4EF16B8A180F1C0C0011E864 /* icon72.png */; };
		4EF16B8F180F1C0C0011E864 /* icon114.png in Resources */ = {isa = PBXBuildFile; fileRef = 4EF16B8B180F1C0C0011E864 /* icon114.png */; };
		4EF16B90180F1C0C0011E864 /* icon144.png in Resources */ = {isa = PBXBuildFile; fileRef = 4EF16B8C180F1C0C0011E864 /* icon144.png */; };
		5BAE3E111797939900E8058E /* CoreTelephony.framework in Frameworks */ = {isa = PBXBuildFile; fileRef = 5BAE3E101797939900E8058E /* CoreTelephony.framework */; };
		D551A73C178E50AF0028DACC /* Security.framework in Frameworks */ = {isa = PBXBuildFile; fileRef = D551A73B178E50AF0028DACC /* Security.framework */; };
		D5BC66EA1635D0270059EC0F /* Entitlements.plist in Resources */ = {isa = PBXBuildFile; fileRef = D510CFBE139059A20066D881 /* Entitlements.plist */; };
		D5BC66F81635D0270059EC0F /* config.plist in Resources */ = {isa = PBXBuildFile; fileRef = 4E5D39B415D062030088D41D /* config.plist */; };
		D5BC67011635D0270059EC0F /* main.m in Sources */ = {isa = PBXBuildFile; fileRef = 29B97316FDCFA39411CA2CEA /* main.m */; };
		D5BC672F1635D0270059EC0F /* TeaLeafAppDelegate.mm in Sources */ = {isa = PBXBuildFile; fileRef = D55821EF150E7C7600549BF6 /* TeaLeafAppDelegate.mm */; };
		D5BC67301635D0270059EC0F /* TeaLeafViewController.mm in Sources */ = {isa = PBXBuildFile; fileRef = D55821F3150E7C7600549BF6 /* TeaLeafViewController.mm */; };
		D5BC677B1635D0270059EC0F /* SystemConfiguration.framework in Frameworks */ = {isa = PBXBuildFile; fileRef = 4E72C65715D9E253000404EF /* SystemConfiguration.framework */; };
		D5BC677C1635D0270059EC0F /* libz.dylib in Frameworks */ = {isa = PBXBuildFile; fileRef = D56C7E1B157EABCA00DB8BDA /* libz.dylib */; };
		D5BC677D1635D0270059EC0F /* OpenGLES.framework in Frameworks */ = {isa = PBXBuildFile; fileRef = A25F91F61489AC0300B39375 /* OpenGLES.framework */; };
		D5BC67831635D0270059EC0F /* AudioToolbox.framework in Frameworks */ = {isa = PBXBuildFile; fileRef = D5E8D6791385C2E200246261 /* AudioToolbox.framework */; };
		D5BC67841635D0270059EC0F /* OpenAL.framework in Frameworks */ = {isa = PBXBuildFile; fileRef = D5E8D67A1385C2E200246261 /* OpenAL.framework */; };
		D5BC67861635D0270059EC0F /* Foundation.framework in Frameworks */ = {isa = PBXBuildFile; fileRef = 1D30AB110D05D00D00671497 /* Foundation.framework */; };
		D5BC678B1635D0270059EC0F /* CFNetwork.framework in Frameworks */ = {isa = PBXBuildFile; fileRef = 5B2BEA6912AEF41100AE98C5 /* CFNetwork.framework */; };
/* End PBXBuildFile section */

/* Begin PBXFileReference section */
		082B72781A12EB95007AB418 /* libtealeaf.a */ = {isa = PBXFileReference; lastKnownFileType = archive.ar; name = libtealeaf.a; path = "../../../../../../../devkit-native/libtealeaf.a"; sourceTree = "<group>"; };
		082B727A1A12EC02007AB418 /* NSMutableArray+WeakReferences.m */ = {isa = PBXFileReference; fileEncoding = 4; lastKnownFileType = sourcecode.c.objc; path = "NSMutableArray+WeakReferences.m"; sourceTree = "<group>"; };
		082B727B1A12EC02007AB418 /* NSMutableDictionary+WeakReferences.m */ = {isa = PBXFileReference; fileEncoding = 4; lastKnownFileType = sourcecode.c.objc; path = "NSMutableDictionary+WeakReferences.m"; sourceTree = "<group>"; };
		08E67B581A0D8B2F00685EAE /* GameViewController.h */ = {isa = PBXFileReference; lastKnownFileType = sourcecode.c.h; path = GameViewController.h; sourceTree = "<group>"; };
		08E67B591A0D8B3400685EAE /* GameViewController.mm */ = {isa = PBXFileReference; fileEncoding = 4; lastKnownFileType = sourcecode.cpp.objcpp; path = GameViewController.mm; sourceTree = "<group>"; };
		08E67B5B1A0D8C0100685EAE /* GLKit.framework */ = {isa = PBXFileReference; lastKnownFileType = wrapper.framework; name = GLKit.framework; path = System/Library/Frameworks/GLKit.framework; sourceTree = SDKROOT; };
		08E67B5D1A0D991700685EAE /* resources.bundle */ = {isa = PBXFileReference; lastKnownFileType = "wrapper.plug-in"; path = resources.bundle; sourceTree = SOURCE_ROOT; };
		08E67B601A0D9B4300685EAE /* FacebookSDK.framework */ = {isa = PBXFileReference; lastKnownFileType = wrapper.framework; path = FacebookSDK.framework; sourceTree = "<group>"; };
		08E67B621A0D9B4300685EAE /* libjansson.a */ = {isa = PBXFileReference; lastKnownFileType = archive.ar; path = libjansson.a; sourceTree = "<group>"; };
		08E67B631A0D9B4300685EAE /* libpng.a */ = {isa = PBXFileReference; lastKnownFileType = archive.ar; path = libpng.a; sourceTree = "<group>"; };
		08E67B641A0D9B4300685EAE /* libtango_sdk.a */ = {isa = PBXFileReference; lastKnownFileType = archive.ar; path = libtango_sdk.a; sourceTree = "<group>"; };
		08E67B651A0D9B4300685EAE /* libtango_sdk_objc.a */ = {isa = PBXFileReference; lastKnownFileType = archive.ar; path = libtango_sdk_objc.a; sourceTree = "<group>"; };
		08E67B661A0D9B4300685EAE /* libturbojpeg.a */ = {isa = PBXFileReference; lastKnownFileType = archive.ar; path = libturbojpeg.a; sourceTree = "<group>"; };
		08E67B681A0D9B4300685EAE /* libjs_static.a */ = {isa = PBXFileReference; lastKnownFileType = archive.ar; path = libjs_static.a; sourceTree = "<group>"; };
		08E67B691A0D9B4300685EAE /* libnspr4.a */ = {isa = PBXFileReference; lastKnownFileType = archive.ar; path = libnspr4.a; sourceTree = "<group>"; };
		133F647D159E4F24006A8DAB /* SenTestingKit.framework */ = {isa = PBXFileReference; lastKnownFileType = wrapper.framework; name = SenTestingKit.framework; path = Library/Frameworks/SenTestingKit.framework; sourceTree = DEVELOPER_DIR; };
		1695630A1338639B0052334D /* AVFoundation.framework */ = {isa = PBXFileReference; lastKnownFileType = wrapper.framework; name = AVFoundation.framework; path = System/Library/Frameworks/AVFoundation.framework; sourceTree = SDKROOT; };
		1D30AB110D05D00D00671497 /* Foundation.framework */ = {isa = PBXFileReference; lastKnownFileType = wrapper.framework; name = Foundation.framework; path = System/Library/Frameworks/Foundation.framework; sourceTree = SDKROOT; };
		1DF5F4DF0D08C38300B7A737 /* UIKit.framework */ = {isa = PBXFileReference; lastKnownFileType = wrapper.framework; name = UIKit.framework; path = System/Library/Frameworks/UIKit.framework; sourceTree = SDKROOT; };
		288765A40DF7441C002DB57D /* CoreGraphics.framework */ = {isa = PBXFileReference; lastKnownFileType = wrapper.framework; name = CoreGraphics.framework; path = System/Library/Frameworks/CoreGraphics.framework; sourceTree = SDKROOT; };
		29B97316FDCFA39411CA2CEA /* main.m */ = {isa = PBXFileReference; fileEncoding = 4; lastKnownFileType = sourcecode.c.objc; path = main.m; sourceTree = "<group>"; };
		36ACCEFD179F2A63002AE65C /* left_text_handler_disabled.png */ = {isa = PBXFileReference; lastKnownFileType = image.png; path = left_text_handler_disabled.png; sourceTree = "<group>"; };
		36ACCEFE179F2A63002AE65C /* left_text_handler_pressed.png */ = {isa = PBXFileReference; lastKnownFileType = image.png; path = left_text_handler_pressed.png; sourceTree = "<group>"; };
		36ACCEFF179F2A63002AE65C /* left_text_handler.png */ = {isa = PBXFileReference; lastKnownFileType = image.png; path = left_text_handler.png; sourceTree = "<group>"; };
		36ACCF00179F2A63002AE65C /* right_text_handler_disabled.png */ = {isa = PBXFileReference; lastKnownFileType = image.png; path = right_text_handler_disabled.png; sourceTree = "<group>"; };
		36ACCF01179F2A63002AE65C /* right_text_handler_pressed.png */ = {isa = PBXFileReference; lastKnownFileType = image.png; path = right_text_handler_pressed.png; sourceTree = "<group>"; };
		36ACCF02179F2A63002AE65C /* right_text_handler.png */ = {isa = PBXFileReference; lastKnownFileType = image.png; path = right_text_handler.png; sourceTree = "<group>"; };
		36ACCF29179F595D002AE65C /* done_button_pressed.png */ = {isa = PBXFileReference; lastKnownFileType = image.png; path = done_button_pressed.png; sourceTree = "<group>"; };
		36ACCF2A179F595D002AE65C /* done_button.png */ = {isa = PBXFileReference; lastKnownFileType = image.png; path = done_button.png; sourceTree = "<group>"; };
		4E5D39B415D062030088D41D /* config.plist */ = {isa = PBXFileReference; fileEncoding = 4; lastKnownFileType = text.plist.xml; path = config.plist; sourceTree = "<group>"; };
		4E6B49C21880B71B00429B4A /* libiconv.dylib */ = {isa = PBXFileReference; lastKnownFileType = "compiled.mach-o.dylib"; name = libiconv.dylib; path = usr/lib/libiconv.dylib; sourceTree = SDKROOT; };
		4E72C65715D9E253000404EF /* SystemConfiguration.framework */ = {isa = PBXFileReference; lastKnownFileType = wrapper.framework; name = SystemConfiguration.framework; path = System/Library/Frameworks/SystemConfiguration.framework; sourceTree = SDKROOT; };
		4E9D36AF17C6F8B0006AA71B /* CoreText.framework */ = {isa = PBXFileReference; lastKnownFileType = wrapper.framework; name = CoreText.framework; path = System/Library/Frameworks/CoreText.framework; sourceTree = SDKROOT; };
		4E9D36B117C6F8D1006AA71B /* MobileCoreServices.framework */ = {isa = PBXFileReference; lastKnownFileType = wrapper.framework; name = MobileCoreServices.framework; path = System/Library/Frameworks/MobileCoreServices.framework; sourceTree = SDKROOT; };
		4EE0B9A517BC70BD002A18DA /* CoreFoundation.framework */ = {isa = PBXFileReference; lastKnownFileType = wrapper.framework; name = CoreFoundation.framework; path = System/Library/Frameworks/CoreFoundation.framework; sourceTree = SDKROOT; };
		4EE0BAAB17BDFC7B002A18DA /* AddressBook.framework */ = {isa = PBXFileReference; lastKnownFileType = wrapper.framework; name = AddressBook.framework; path = System/Library/Frameworks/AddressBook.framework; sourceTree = SDKROOT; };
		4EF16B7F180DCA2B0011E864 /* Images.xcassets */ = {isa = PBXFileReference; lastKnownFileType = folder.assetcatalog; path = Images.xcassets; sourceTree = "<group>"; };
		4EF16B89180F1C0C0011E864 /* icon57.png */ = {isa = PBXFileReference; lastKnownFileType = image.png; path = icon57.png; sourceTree = "<group>"; };
		4EF16B8A180F1C0C0011E864 /* icon72.png */ = {isa = PBXFileReference; lastKnownFileType = image.png; path = icon72.png; sourceTree = "<group>"; };
		4EF16B8B180F1C0C0011E864 /* icon114.png */ = {isa = PBXFileReference; lastKnownFileType = image.png; path = icon114.png; sourceTree = "<group>"; };
		4EF16B8C180F1C0C0011E864 /* icon144.png */ = {isa = PBXFileReference; lastKnownFileType = image.png; path = icon144.png; sourceTree = "<group>"; };
		5B2BEA6912AEF41100AE98C5 /* CFNetwork.framework */ = {isa = PBXFileReference; lastKnownFileType = wrapper.framework; name = CFNetwork.framework; path = System/Library/Frameworks/CFNetwork.framework; sourceTree = SDKROOT; };
		5B469A40121A6B1300E414EA /* QuartzCore.framework */ = {isa = PBXFileReference; lastKnownFileType = wrapper.framework; name = QuartzCore.framework; path = System/Library/Frameworks/QuartzCore.framework; sourceTree = SDKROOT; };
		5BAE3E101797939900E8058E /* CoreTelephony.framework */ = {isa = PBXFileReference; lastKnownFileType = wrapper.framework; name = CoreTelephony.framework; path = System/Library/Frameworks/CoreTelephony.framework; sourceTree = SDKROOT; };
		A23214D313D8AFD600FA4C7D /* MessageUI.framework */ = {isa = PBXFileReference; lastKnownFileType = wrapper.framework; name = MessageUI.framework; path = System/Library/Frameworks/MessageUI.framework; sourceTree = SDKROOT; };
		A25F91F61489AC0300B39375 /* OpenGLES.framework */ = {isa = PBXFileReference; lastKnownFileType = wrapper.framework; name = OpenGLES.framework; path = System/Library/Frameworks/OpenGLES.framework; sourceTree = SDKROOT; };
		A25F91F81489AC0300B39375 /* TeaLeafIOS.app */ = {isa = PBXFileReference; explicitFileType = wrapper.application; includeInIndex = 0; path = TeaLeafIOS.app; sourceTree = BUILT_PRODUCTS_DIR; };
		D510CFBE139059A20066D881 /* Entitlements.plist */ = {isa = PBXFileReference; fileEncoding = 4; lastKnownFileType = text.plist.xml; path = Entitlements.plist; sourceTree = "<group>"; };
		D551A73B178E50AF0028DACC /* Security.framework */ = {isa = PBXFileReference; lastKnownFileType = wrapper.framework; name = Security.framework; path = System/Library/Frameworks/Security.framework; sourceTree = SDKROOT; };
		D55821EE150E7C7600549BF6 /* TeaLeafAppDelegate.h */ = {isa = PBXFileReference; fileEncoding = 4; lastKnownFileType = sourcecode.c.h; path = TeaLeafAppDelegate.h; sourceTree = "<group>"; };
		D55821EF150E7C7600549BF6 /* TeaLeafAppDelegate.mm */ = {isa = PBXFileReference; fileEncoding = 4; lastKnownFileType = sourcecode.cpp.objcpp; path = TeaLeafAppDelegate.mm; sourceTree = "<group>"; };
		D55821F2150E7C7600549BF6 /* TeaLeafViewController.h */ = {isa = PBXFileReference; fileEncoding = 4; lastKnownFileType = sourcecode.c.h; path = TeaLeafViewController.h; sourceTree = "<group>"; };
		D55821F3150E7C7600549BF6 /* TeaLeafViewController.mm */ = {isa = PBXFileReference; fileEncoding = 4; lastKnownFileType = sourcecode.cpp.objcpp; path = TeaLeafViewController.mm; sourceTree = "<group>"; };
		D56C7E1B157EABCA00DB8BDA /* libz.dylib */ = {isa = PBXFileReference; lastKnownFileType = "compiled.mach-o.dylib"; name = libz.dylib; path = usr/lib/libz.dylib; sourceTree = SDKROOT; };
		D57955FD159A771E000DDEA3 /* TeaLeafIOS-Info.plist */ = {isa = PBXFileReference; fileEncoding = 4; lastKnownFileType = text.plist.xml; path = "TeaLeafIOS-Info.plist"; sourceTree = "<group>"; };
		D5795633159A7D02000DDEA3 /* TeaLeafIOS.entitlements */ = {isa = PBXFileReference; lastKnownFileType = text.xml; path = TeaLeafIOS.entitlements; sourceTree = "<group>"; };
		D5BC67951635D0270059EC0F /* TeaLeafIOS.app */ = {isa = PBXFileReference; explicitFileType = wrapper.application; includeInIndex = 0; path = TeaLeafIOS.app; sourceTree = BUILT_PRODUCTS_DIR; };
		D5E8D6791385C2E200246261 /* AudioToolbox.framework */ = {isa = PBXFileReference; lastKnownFileType = wrapper.framework; name = AudioToolbox.framework; path = System/Library/Frameworks/AudioToolbox.framework; sourceTree = SDKROOT; };
		D5E8D67A1385C2E200246261 /* OpenAL.framework */ = {isa = PBXFileReference; lastKnownFileType = wrapper.framework; name = OpenAL.framework; path = System/Library/Frameworks/OpenAL.framework; sourceTree = SDKROOT; };
/* End PBXFileReference section */

/* Begin PBXFrameworksBuildPhase section */
		D5BC677A1635D0270059EC0F /* Frameworks */ = {
			isa = PBXFrameworksBuildPhase;
			buildActionMask = 2147483647;
			files = (
				08E67B5C1A0D8C0100685EAE /* GLKit.framework in Frameworks */,
				08E67B6A1A0D9B4300685EAE /* FacebookSDK.framework in Frameworks */,
				5BAE3E111797939900E8058E /* CoreTelephony.framework in Frameworks */,
				08E67B6C1A0D9B4300685EAE /* libjansson.a in Frameworks */,
				D551A73C178E50AF0028DACC /* Security.framework in Frameworks */,
				4E9D36B417C6F922006AA71B /* CoreText.framework in Frameworks */,
				082B72791A12EB95007AB418 /* libtealeaf.a in Frameworks */,
				4E9D36B317C6F91D006AA71B /* MobileCoreServices.framework in Frameworks */,
				08E67B6F1A0D9B4300685EAE /* libtango_sdk_objc.a in Frameworks */,
				4EEFA212175555CD00570B4E /* QuartzCore.framework in Frameworks */,
				08E67B711A0D9B4300685EAE /* libjs_static.a in Frameworks */,
				08E67B6D1A0D9B4300685EAE /* libpng.a in Frameworks */,
				4EEFA211175555AB00570B4E /* AVFoundation.framework in Frameworks */,
				4EEFA2101755559A00570B4E /* CoreGraphics.framework in Frameworks */,
				08E67B721A0D9B4300685EAE /* libnspr4.a in Frameworks */,
				4EEFA20F1755557A00570B4E /* UIKit.framework in Frameworks */,
				08E67B6E1A0D9B4300685EAE /* libtango_sdk.a in Frameworks */,
				4EEFA20D1755553500570B4E /* MessageUI.framework in Frameworks */,
				D5BC677B1635D0270059EC0F /* SystemConfiguration.framework in Frameworks */,
				D5BC677C1635D0270059EC0F /* libz.dylib in Frameworks */,
				D5BC677D1635D0270059EC0F /* OpenGLES.framework in Frameworks */,
				D5BC67831635D0270059EC0F /* AudioToolbox.framework in Frameworks */,
				D5BC67841635D0270059EC0F /* OpenAL.framework in Frameworks */,
				D5BC67861635D0270059EC0F /* Foundation.framework in Frameworks */,
				08E67B701A0D9B4300685EAE /* libturbojpeg.a in Frameworks */,
				D5BC678B1635D0270059EC0F /* CFNetwork.framework in Frameworks */,
			);
			runOnlyForDeploymentPostprocessing = 0;
		};
/* End PBXFrameworksBuildPhase section */

/* Begin PBXGroup section */
		08E67B5F1A0D9B4300685EAE /* prebuild-libs */ = {
			isa = PBXGroup;
			children = (
				082B72781A12EB95007AB418 /* libtealeaf.a */,
				08E67B601A0D9B4300685EAE /* FacebookSDK.framework */,
				08E67B621A0D9B4300685EAE /* libjansson.a */,
				08E67B631A0D9B4300685EAE /* libpng.a */,
				08E67B641A0D9B4300685EAE /* libtango_sdk.a */,
				08E67B651A0D9B4300685EAE /* libtango_sdk_objc.a */,
				08E67B661A0D9B4300685EAE /* libturbojpeg.a */,
				08E67B671A0D9B4300685EAE /* spidermonkey */,
			);
			path = "prebuild-libs";
			sourceTree = "<group>";
		};
		08E67B671A0D9B4300685EAE /* spidermonkey */ = {
			isa = PBXGroup;
			children = (
				08E67B681A0D9B4300685EAE /* libjs_static.a */,
				08E67B691A0D9B4300685EAE /* libnspr4.a */,
			);
			path = spidermonkey;
			sourceTree = "<group>";
		};
		19C28FACFE9D520D11CA2CBB /* Products */ = {
			isa = PBXGroup;
			children = (
				A25F91F81489AC0300B39375 /* TeaLeafIOS.app */,
				D5BC67951635D0270059EC0F /* TeaLeafIOS.app */,
			);
			name = Products;
			sourceTree = "<group>";
		};
		29B97314FDCFA39411CA2CEA /* CustomTemplate */ = {
			isa = PBXGroup;
			children = (
				08E67B5F1A0D9B4300685EAE /* prebuild-libs */,
				08E67B5D1A0D991700685EAE /* resources.bundle */,
				4EF16B7F180DCA2B0011E864 /* Images.xcassets */,
				D55821D1150E7C7600549BF6 /* platform */,
				D55821FF150E7C7600549BF6 /* resources */,
				D510CFBE139059A20066D881 /* Entitlements.plist */,
				4EF16B89180F1C0C0011E864 /* icon57.png */,
				4EF16B8A180F1C0C0011E864 /* icon72.png */,
				4EF16B8B180F1C0C0011E864 /* icon114.png */,
				4EF16B8C180F1C0C0011E864 /* icon144.png */,
				D5795633159A7D02000DDEA3 /* TeaLeafIOS.entitlements */,
				D57955FD159A771E000DDEA3 /* TeaLeafIOS-Info.plist */,
				29B97316FDCFA39411CA2CEA /* main.m */,
				29B97323FDCFA39411CA2CEA /* Frameworks */,
				87742605198C494D0070CAD3 /* Plugins */,
				19C28FACFE9D520D11CA2CBB /* Products */,
			);
			name = CustomTemplate;
			sourceTree = "<group>";
		};
		29B97323FDCFA39411CA2CEA /* Frameworks */ = {
			isa = PBXGroup;
			children = (
				08E67B5B1A0D8C0100685EAE /* GLKit.framework */,
				4E6B49C21880B71B00429B4A /* libiconv.dylib */,
				D56C7E1B157EABCA00DB8BDA /* libz.dylib */,
				4EE0BAAB17BDFC7B002A18DA /* AddressBook.framework */,
				5BAE3E101797939900E8058E /* CoreTelephony.framework */,
				D551A73B178E50AF0028DACC /* Security.framework */,
				4E9D36B117C6F8D1006AA71B /* MobileCoreServices.framework */,
				4E9D36AF17C6F8B0006AA71B /* CoreText.framework */,
				4E72C65715D9E253000404EF /* SystemConfiguration.framework */,
				A25F91F61489AC0300B39375 /* OpenGLES.framework */,
				5B2BEA6912AEF41100AE98C5 /* CFNetwork.framework */,
				A23214D313D8AFD600FA4C7D /* MessageUI.framework */,
				D5E8D6791385C2E200246261 /* AudioToolbox.framework */,
				D5E8D67A1385C2E200246261 /* OpenAL.framework */,
				1695630A1338639B0052334D /* AVFoundation.framework */,
				1DF5F4DF0D08C38300B7A737 /* UIKit.framework */,
				1D30AB110D05D00D00671497 /* Foundation.framework */,
				288765A40DF7441C002DB57D /* CoreGraphics.framework */,
				5B469A40121A6B1300E414EA /* QuartzCore.framework */,
				133F647D159E4F24006A8DAB /* SenTestingKit.framework */,
				4EE0B9A517BC70BD002A18DA /* CoreFoundation.framework */,
			);
			name = Frameworks;
			sourceTree = "<group>";
		};
		87742605198C494D0070CAD3 /* Plugins */ = {
			isa = PBXGroup;
			children = (
			);
			name = Plugins;
			sourceTree = "<group>";
		};
		D55821D1150E7C7600549BF6 /* platform */ = {
			isa = PBXGroup;
			children = (
				082B727A1A12EC02007AB418 /* NSMutableArray+WeakReferences.m */,
				082B727B1A12EC02007AB418 /* NSMutableDictionary+WeakReferences.m */,
				08E67B591A0D8B3400685EAE /* GameViewController.mm */,
				08E67B581A0D8B2F00685EAE /* GameViewController.h */,
				D55821EE150E7C7600549BF6 /* TeaLeafAppDelegate.h */,
				D55821EF150E7C7600549BF6 /* TeaLeafAppDelegate.mm */,
				D55821F2150E7C7600549BF6 /* TeaLeafViewController.h */,
				D55821F3150E7C7600549BF6 /* TeaLeafViewController.mm */,
			);
			path = platform;
			sourceTree = "<group>";
		};
		D55821FF150E7C7600549BF6 /* resources */ = {
			isa = PBXGroup;
			children = (
				36ACCF29179F595D002AE65C /* done_button_pressed.png */,
				36ACCF2A179F595D002AE65C /* done_button.png */,
				36ACCEFD179F2A63002AE65C /* left_text_handler_disabled.png */,
				36ACCEFE179F2A63002AE65C /* left_text_handler_pressed.png */,
				36ACCEFF179F2A63002AE65C /* left_text_handler.png */,
				36ACCF00179F2A63002AE65C /* right_text_handler_disabled.png */,
				36ACCF01179F2A63002AE65C /* right_text_handler_pressed.png */,
				36ACCF02179F2A63002AE65C /* right_text_handler.png */,
				4E5D39B415D062030088D41D /* config.plist */,
			);
			path = resources;
			sourceTree = "<group>";
		};
/* End PBXGroup section */

/* Begin PBXNativeTarget section */
		D5BC66E71635D0270059EC0F /* TeaLeafIOS */ = {
			isa = PBXNativeTarget;
			buildConfigurationList = D5BC678F1635D0270059EC0F /* Build configuration list for PBXNativeTarget "TeaLeafIOS" */;
			buildPhases = (
				D5295D3617947FF600BEEEE5 /* ShellScript */,
				D5BC66E91635D0270059EC0F /* Resources */,
				D5BC67001635D0270059EC0F /* Sources */,
				D5BC677A1635D0270059EC0F /* Frameworks */,
			);
			buildRules = (
			);
			dependencies = (
			);
			name = TeaLeafIOS;
			productName = TeaLeafIOS;
			productReference = D5BC67951635D0270059EC0F /* TeaLeafIOS.app */;
			productType = "com.apple.product-type.application";
		};
/* End PBXNativeTarget section */

/* Begin PBXProject section */
		29B97313FDCFA39411CA2CEA /* Project object */ = {
			isa = PBXProject;
			attributes = {
				LastUpgradeCheck = 0500;
				ORGANIZATIONNAME = "Game Closure";
			};
			buildConfigurationList = C01FCF4E08A954540054247B /* Build configuration list for PBXProject "TeaLeafIOS" */;
			compatibilityVersion = "Xcode 3.2";
			developmentRegion = English;
			hasScannedForEncodings = 1;
			knownRegions = (
				English,
				Japanese,
				French,
				German,
				en,
			);
			mainGroup = 29B97314FDCFA39411CA2CEA /* CustomTemplate */;
			projectDirPath = "";
			projectRoot = "";
			targets = (
				D5BC66E71635D0270059EC0F /* TeaLeafIOS */,
			);
		};
/* End PBXProject section */

/* Begin PBXResourcesBuildPhase section */
		D5BC66E91635D0270059EC0F /* Resources */ = {
			isa = PBXResourcesBuildPhase;
			buildActionMask = 2147483647;
			files = (
				4EF16B90180F1C0C0011E864 /* icon144.png in Resources */,
				D5BC66EA1635D0270059EC0F /* Entitlements.plist in Resources */,
				D5BC66F81635D0270059EC0F /* config.plist in Resources */,
				4EF16B8E180F1C0C0011E864 /* icon72.png in Resources */,
				36ACCF03179F2A63002AE65C /* left_text_handler_disabled.png in Resources */,
				36ACCF04179F2A63002AE65C /* left_text_handler_pressed.png in Resources */,
				36ACCF05179F2A63002AE65C /* left_text_handler.png in Resources */,
				36ACCF06179F2A63002AE65C /* right_text_handler_disabled.png in Resources */,
				36ACCF07179F2A63002AE65C /* right_text_handler_pressed.png in Resources */,
				4EF16B8D180F1C0C0011E864 /* icon57.png in Resources */,
				36ACCF08179F2A63002AE65C /* right_text_handler.png in Resources */,
				4EF16B80180DCA2B0011E864 /* Images.xcassets in Resources */,
				36ACCF2B179F595D002AE65C /* done_button_pressed.png in Resources */,
				36ACCF2C179F595D002AE65C /* done_button.png in Resources */,
				08E67B5E1A0D991700685EAE /* resources.bundle in Resources */,
				4EF16B8F180F1C0C0011E864 /* icon114.png in Resources */,
			);
			runOnlyForDeploymentPostprocessing = 0;
		};
/* End PBXResourcesBuildPhase section */

/* Begin PBXShellScriptBuildPhase section */
		D5295D3617947FF600BEEEE5 /* ShellScript */ = {
			isa = PBXShellScriptBuildPhase;
			buildActionMask = 12;
			files = (
			);
			inputPaths = (
			);
			outputPaths = (
			);
			runOnlyForDeploymentPostprocessing = 0;
			shellPath = /bin/sh;
			shellScript = "find ./resources/resources.bundle -exec touch {} \\;";
		};
/* End PBXShellScriptBuildPhase section */

/* Begin PBXSourcesBuildPhase section */
		D5BC67001635D0270059EC0F /* Sources */ = {
			isa = PBXSourcesBuildPhase;
			buildActionMask = 2147483647;
			files = (
				08E67B5A1A0D8B3400685EAE /* GameViewController.mm in Sources */,
				082B727D1A12EC02007AB418 /* NSMutableDictionary+WeakReferences.m in Sources */,
				D5BC67011635D0270059EC0F /* main.m in Sources */,
				082B727C1A12EC02007AB418 /* NSMutableArray+WeakReferences.m in Sources */,
				D5BC672F1635D0270059EC0F /* TeaLeafAppDelegate.mm in Sources */,
				D5BC67301635D0270059EC0F /* TeaLeafViewController.mm in Sources */,
			);
			runOnlyForDeploymentPostprocessing = 0;
		};
/* End PBXSourcesBuildPhase section */

/* Begin XCBuildConfiguration section */
		C01FCF5008A954540054247B /* Release */ = {
			isa = XCBuildConfiguration;
			buildSettings = {
				ARCHS = "$(ARCHS_STANDARD_32_BIT)";
				CLANG_WARN_BOOL_CONVERSION = YES;
				CLANG_WARN_CONSTANT_CONVERSION = YES;
				CLANG_WARN_EMPTY_BODY = YES;
				CLANG_WARN_ENUM_CONVERSION = YES;
				CLANG_WARN_INT_CONVERSION = YES;
				CLANG_WARN__DUPLICATE_METHOD_MATCH = YES;
				CODE_SIGN_IDENTITY = "iPhone Developer";
				"CODE_SIGN_IDENTITY[sdk=iphoneos*]" = "iPhone Developer";
				COPY_PHASE_STRIP = NO;
				DEAD_CODE_STRIPPING = NO;
				FRAMEWORK_SEARCH_PATHS = "";
				GCC_C_LANGUAGE_STANDARD = c99;
				GCC_GENERATE_DEBUGGING_SYMBOLS = YES;
				GCC_OPTIMIZATION_LEVEL = 0;
				GCC_THUMB_SUPPORT = YES;
				GCC_UNROLL_LOOPS = NO;
				GCC_VERSION = com.apple.compilers.llvm.clang.1_0;
				GCC_WARN_ABOUT_RETURN_TYPE = YES;
				GCC_WARN_UNDECLARED_SELECTOR = YES;
				GCC_WARN_UNINITIALIZED_AUTOS = YES;
				GCC_WARN_UNUSED_FUNCTION = YES;
				GCC_WARN_UNUSED_VARIABLE = YES;
				HEADER_SEARCH_PATHS = "";
				IPHONEOS_DEPLOYMENT_TARGET = 4.3;
				LLVM_LTO = NO;
				OTHER_CFLAGS = "-DNS_BLOCK_ASSERTIONS=1";
				OTHER_LDFLAGS = (
					"-lstdc++",
					"-lObjC",
				);
				PROVISIONING_PROFILE = "";
				"PROVISIONING_PROFILE[sdk=iphoneos*]" = "";
				SDKROOT = iphoneos;
				STRIP_INSTALLED_PRODUCT = NO;
				VALID_ARCHS = "armv7 armv7s i386 armv6";
			};
			name = Release;
		};
		D56129AD17600A4800FF82A8 /* debug */ = {
			isa = XCBuildConfiguration;
			buildSettings = {
				ARCHS = "$(ARCHS_STANDARD_32_BIT)";
				CLANG_WARN_BOOL_CONVERSION = YES;
				CLANG_WARN_CONSTANT_CONVERSION = YES;
				CLANG_WARN_EMPTY_BODY = YES;
				CLANG_WARN_ENUM_CONVERSION = YES;
				CLANG_WARN_INT_CONVERSION = YES;
				CLANG_WARN__DUPLICATE_METHOD_MATCH = YES;
				CODE_SIGN_IDENTITY = "iPhone Developer";
				"CODE_SIGN_IDENTITY[sdk=iphoneos*]" = "iPhone Developer";
				COPY_PHASE_STRIP = NO;
				DEAD_CODE_STRIPPING = NO;
				FRAMEWORK_SEARCH_PATHS = "";
				GCC_C_LANGUAGE_STANDARD = c99;
				GCC_GENERATE_DEBUGGING_SYMBOLS = YES;
				GCC_OPTIMIZATION_LEVEL = 0;
				GCC_THUMB_SUPPORT = YES;
				GCC_UNROLL_LOOPS = NO;
				GCC_VERSION = com.apple.compilers.llvm.clang.1_0;
				GCC_WARN_ABOUT_RETURN_TYPE = YES;
				GCC_WARN_UNDECLARED_SELECTOR = YES;
				GCC_WARN_UNINITIALIZED_AUTOS = YES;
				GCC_WARN_UNUSED_FUNCTION = YES;
				GCC_WARN_UNUSED_VARIABLE = YES;
				HEADER_SEARCH_PATHS = "";
				IPHONEOS_DEPLOYMENT_TARGET = 4.3;
				LLVM_LTO = NO;
				OTHER_CFLAGS = "-DNS_BLOCK_ASSERTIONS=1";
				OTHER_LDFLAGS = (
					"-lstdc++",
					"-lObjC",
				);
				PROVISIONING_PROFILE = "";
				"PROVISIONING_PROFILE[sdk=iphoneos*]" = "";
				SDKROOT = iphoneos;
				STRIP_INSTALLED_PRODUCT = NO;
				VALID_ARCHS = "armv7 armv7s i386 armv6";
			};
			name = debug;
		};
		D56129AE17600A4800FF82A8 /* debug */ = {
			isa = XCBuildConfiguration;
			buildSettings = {
				ALWAYS_SEARCH_USER_PATHS = NO;
				ASSETCATALOG_COMPILER_APPICON_NAME = AppIcon;
				ASSETCATALOG_COMPILER_LAUNCHIMAGE_NAME = LaunchImage;
				CLANG_CXX_LIBRARY = "libc++";
				CODE_SIGN_ENTITLEMENTS = TeaLeafIOS.entitlements;
				CODE_SIGN_IDENTITY = "iPhone Developer";
				"CODE_SIGN_IDENTITY[sdk=iphoneos*]" = "iPhone Developer";
				COMPRESS_PNG_FILES = NO;
				COPY_PHASE_STRIP = NO;
				DEAD_CODE_STRIPPING = NO;
				FRAMEWORK_SEARCH_PATHS = (
					"$(inherited)",
					"$(PROJECT_DIR)/prebuild-libs",
				);
				GCC_ENABLE_CPP_EXCEPTIONS = NO;
				GCC_ENABLE_CPP_RTTI = NO;
				GCC_GENERATE_DEBUGGING_SYMBOLS = YES;
				GCC_OPTIMIZATION_LEVEL = 0;
				GCC_PRECOMPILE_PREFIX_HEADER = YES;
				GCC_PREFIX_HEADER = TeaLeafIOS_Prefix.pch;
				GCC_TREAT_WARNINGS_AS_ERRORS = NO;
				GCC_UNROLL_LOOPS = NO;
				GCC_VERSION = com.apple.compilers.llvm.clang.1_0;
				HEADER_SEARCH_PATHS = (
					"./deps/jansson/**",
					.,
					./deps/spidermonkey,
					"./native-core/deps/**",
					"./native-core/qr",
				);
				INFOPLIST_FILE = "TeaLeafIOS-Info.plist";
				IPHONEOS_DEPLOYMENT_TARGET = 5.0;
				KEEP_PRIVATE_EXTERNS = NO;
				LIBRARY_SEARCH_PATHS = (
					"$(inherited)",
					"$(SRCROOT)",
					"/Users/derekburch/dev/gameclosure/devkit-native",
					"$(PROJECT_DIR)/prebuild-libs",
					"$(PROJECT_DIR)/prebuild-libs/spidermonkey",
				);
				LLVM_LTO = NO;
				ONLY_ACTIVE_ARCH = NO;
				OTHER_CFLAGS = "-DNS_BLOCK_ASSERTIONS=1";
				OTHER_LDFLAGS = (
					"-lsqlite3.0",
					"-lstdc++",
					"-lObjC",
				);
				PRODUCT_NAME = TeaLeafIOS;
				PROVISIONING_PROFILE = "";
				"PROVISIONING_PROFILE[sdk=iphoneos*]" = "";
				RUN_CLANG_STATIC_ANALYZER = NO;
				SDKROOT = iphoneos;
				STRIP_INSTALLED_PRODUCT = NO;
				TARGETED_DEVICE_FAMILY = "1,2";
				USER_HEADER_SEARCH_PATHS = "";
				VALIDATE_PRODUCT = YES;
				VALID_ARCHS = "armv7 i386";
				WARNING_CFLAGS = "-Wall";
			};
			name = debug;
		};
		D5BC67901635D0270059EC0F /* Release */ = {
			isa = XCBuildConfiguration;
			buildSettings = {
				ALWAYS_SEARCH_USER_PATHS = NO;
				ASSETCATALOG_COMPILER_APPICON_NAME = AppIcon;
				ASSETCATALOG_COMPILER_LAUNCHIMAGE_NAME = LaunchImage;
				CLANG_CXX_LIBRARY = "libc++";
				CODE_SIGN_ENTITLEMENTS = TeaLeafIOS.entitlements;
				CODE_SIGN_IDENTITY = "iPhone Developer";
				"CODE_SIGN_IDENTITY[sdk=iphoneos*]" = "iPhone Developer";
				COMPRESS_PNG_FILES = NO;
				COPY_PHASE_STRIP = YES;
				DEAD_CODE_STRIPPING = YES;
				FRAMEWORK_SEARCH_PATHS = (
					"$(inherited)",
					"$(PROJECT_DIR)/prebuild-libs",
				);
				GCC_ENABLE_CPP_EXCEPTIONS = NO;
				GCC_ENABLE_CPP_RTTI = NO;
				GCC_GENERATE_DEBUGGING_SYMBOLS = NO;
				GCC_OPTIMIZATION_LEVEL = 3;
				GCC_PRECOMPILE_PREFIX_HEADER = YES;
				GCC_PREFIX_HEADER = TeaLeafIOS_Prefix.pch;
				GCC_TREAT_WARNINGS_AS_ERRORS = NO;
				GCC_UNROLL_LOOPS = YES;
				GCC_VERSION = com.apple.compilers.llvm.clang.1_0;
				HEADER_SEARCH_PATHS = (
					"./deps/jansson/**",
					.,
					./deps/spidermonkey,
					"./native-core/deps/**",
					"./native-core/qr",
				);
				INFOPLIST_FILE = "TeaLeafIOS-Info.plist";
				IPHONEOS_DEPLOYMENT_TARGET = 5.0;
				KEEP_PRIVATE_EXTERNS = NO;
				LIBRARY_SEARCH_PATHS = (
					"$(inherited)",
					"$(SRCROOT)",
					"/Users/derekburch/dev/gameclosure/devkit-native",
					"$(PROJECT_DIR)/prebuild-libs",
					"$(PROJECT_DIR)/prebuild-libs/spidermonkey",
				);
				LLVM_LTO = NO;
				ONLY_ACTIVE_ARCH = NO;
				OTHER_CFLAGS = (
					"-DNS_BLOCK_ASSERTIONS=1",
					"-DRELEASE",
				);
				OTHER_LDFLAGS = (
					"-lsqlite3.0",
					"-lstdc++",
					"-lObjC",
				);
				PRODUCT_NAME = TeaLeafIOS;
				PROVISIONING_PROFILE = "";
				"PROVISIONING_PROFILE[sdk=iphoneos*]" = "";
				RUN_CLANG_STATIC_ANALYZER = NO;
				SDKROOT = iphoneos;
				STRIP_INSTALLED_PRODUCT = YES;
				TARGETED_DEVICE_FAMILY = "1,2";
				USER_HEADER_SEARCH_PATHS = "";
				VALIDATE_PRODUCT = YES;
				VALID_ARCHS = "armv7 i386";
				WARNING_CFLAGS = "-Wall";
			};
			name = Release;
		};
/* End XCBuildConfiguration section */

/* Begin XCConfigurationList section */
		C01FCF4E08A954540054247B /* Build configuration list for PBXProject "TeaLeafIOS" */ = {
			isa = XCConfigurationList;
			buildConfigurations = (
				C01FCF5008A954540054247B /* Release */,
				D56129AD17600A4800FF82A8 /* debug */,
			);
			defaultConfigurationIsVisible = 0;
			defaultConfigurationName = Release;
		};
		D5BC678F1635D0270059EC0F /* Build configuration list for PBXNativeTarget "TeaLeafIOS" */ = {
			isa = XCConfigurationList;
			buildConfigurations = (
				D5BC67901635D0270059EC0F /* Release */,
				D56129AE17600A4800FF82A8 /* debug */,
			);
			defaultConfigurationIsVisible = 0;
			defaultConfigurationName = Release;
		};
/* End XCConfigurationList section */
	};
	rootObject = 29B97313FDCFA39411CA2CEA /* Project object */;
}
